// !$*UTF8*$!
{
	archiveVersion = 1;
	classes = {
	};
	objectVersion = 50;
	objects = {

/* Begin PBXBuildFile section */
		0DA26074236627C7005AD610 /* BufferBindingWrapper.mm in Sources */ = {isa = PBXBuildFile; fileRef = 0DA25F10236627C7005AD610 /* BufferBindingWrapper.mm */; };
		0DA26075236627C7005AD610 /* os_core_graphics.mm in Sources */ = {isa = PBXBuildFile; fileRef = 0DA25F11236627C7005AD610 /* os_core_graphics.mm */; };
		0DA26076236627C7005AD610 /* Shape3DShaders.metal in Sources */ = {isa = PBXBuildFile; fileRef = 0DA25F15236627C7005AD610 /* Shape3DShaders.metal */; };
		0DA26077236627C7005AD610 /* ShapeNodeShaders.metal in Sources */ = {isa = PBXBuildFile; fileRef = 0DA25F16236627C7005AD610 /* ShapeNodeShaders.metal */; };
		0DA26078236627C7005AD610 /* PhongShaders.metal in Sources */ = {isa = PBXBuildFile; fileRef = 0DA25F18236627C7005AD610 /* PhongShaders.metal */; };
		0DA26079236627C7005AD610 /* Shape2DShaders.metal in Sources */ = {isa = PBXBuildFile; fileRef = 0DA25F19236627C7005AD610 /* Shape2DShaders.metal */; };
		0DA2607A236627C7005AD610 /* ModelShaders.metal in Sources */ = {isa = PBXBuildFile; fileRef = 0DA25F1A236627C7005AD610 /* ModelShaders.metal */; };
		0DA2607B236627C7005AD610 /* SpriteShaders.metal in Sources */ = {isa = PBXBuildFile; fileRef = 0DA25F1B236627C7005AD610 /* SpriteShaders.metal */; };
		0DA2607C236627C7005AD610 /* SimpleModelShaders.metal in Sources */ = {isa = PBXBuildFile; fileRef = 0DA25F1C236627C7005AD610 /* SimpleModelShaders.metal */; };
		0DA2607D236627C7005AD610 /* TextureBindingWrapper.mm in Sources */ = {isa = PBXBuildFile; fileRef = 0DA25F1E236627C7005AD610 /* TextureBindingWrapper.mm */; };
		0DA2607E236627C7005AD610 /* MetalEngine.mm in Sources */ = {isa = PBXBuildFile; fileRef = 0DA25F21236627C7005AD610 /* MetalEngine.mm */; };
		0DA2607F236627C7005AD610 /* MetalPipeline.mm in Sources */ = {isa = PBXBuildFile; fileRef = 0DA25F22236627C7005AD610 /* MetalPipeline.mm */; };
		0DA26080236627C7005AD610 /* FHashMap.cpp in Sources */ = {isa = PBXBuildFile; fileRef = 0DA25F24236627C7005AD610 /* FHashMap.cpp */; };
		0DA26081236627C7005AD610 /* FTextureCache.cpp in Sources */ = {isa = PBXBuildFile; fileRef = 0DA25F27236627C7005AD610 /* FTextureCache.cpp */; };
		0DA26082236627C7005AD610 /* FModelData.cpp in Sources */ = {isa = PBXBuildFile; fileRef = 0DA25F2A236627C7005AD610 /* FModelData.cpp */; };
		0DA26083236627C7005AD610 /* FIntList.cpp in Sources */ = {isa = PBXBuildFile; fileRef = 0DA25F2D236627C7005AD610 /* FIntList.cpp */; };
		0DA26084236627C7005AD610 /* FQuad.cpp in Sources */ = {isa = PBXBuildFile; fileRef = 0DA25F32236627C7005AD610 /* FQuad.cpp */; };
		0DA26085236627C7005AD610 /* FAssetWad.cpp in Sources */ = {isa = PBXBuildFile; fileRef = 0DA25F35236627C7005AD610 /* FAssetWad.cpp */; };
		0DA26086236627C7005AD610 /* FImageBundler.cpp in Sources */ = {isa = PBXBuildFile; fileRef = 0DA25F36236627C7005AD610 /* FImageBundler.cpp */; };
		0DA26087236627C7005AD610 /* FFont.cpp in Sources */ = {isa = PBXBuildFile; fileRef = 0DA25F37236627C7005AD610 /* FFont.cpp */; };
		0DA26088236627C7005AD610 /* FTouchManager.cpp in Sources */ = {isa = PBXBuildFile; fileRef = 0DA25F39236627C7005AD610 /* FTouchManager.cpp */; };
		0DA26089236627C7005AD610 /* FAchievement.cpp in Sources */ = {isa = PBXBuildFile; fileRef = 0DA25F3C236627C7005AD610 /* FAchievement.cpp */; };
		0DA2608A236627C7005AD610 /* FVertexBuffer.cpp in Sources */ = {isa = PBXBuildFile; fileRef = 0DA25F3D236627C7005AD610 /* FVertexBuffer.cpp */; };
		0DA2608B236627C7005AD610 /* FMath.cpp in Sources */ = {isa = PBXBuildFile; fileRef = 0DA25F3E236627C7005AD610 /* FMath.cpp */; };
		0DA2608C236627C7005AD610 /* FBufferCache.cpp in Sources */ = {isa = PBXBuildFile; fileRef = 0DA25F3F236627C7005AD610 /* FBufferCache.cpp */; };
		0DA2608D236627C7005AD610 /* FFloatBufferCache.cpp in Sources */ = {isa = PBXBuildFile; fileRef = 0DA25F41236627C7005AD610 /* FFloatBufferCache.cpp */; };
		0DA2608E236627C7005AD610 /* FMatrix.cpp in Sources */ = {isa = PBXBuildFile; fileRef = 0DA25F44236627C7005AD610 /* FMatrix.cpp */; };
		0DA2608F236627C7005AD610 /* FPrimitive.cpp in Sources */ = {isa = PBXBuildFile; fileRef = 0DA25F46236627C7005AD610 /* FPrimitive.cpp */; };
		0DA26090236627C7005AD610 /* FSound.cpp in Sources */ = {isa = PBXBuildFile; fileRef = 0DA25F4A236627C7005AD610 /* FSound.cpp */; };
		0DA26091236627C7005AD610 /* FSlider.cpp in Sources */ = {isa = PBXBuildFile; fileRef = 0DA25F50236627C7005AD610 /* FSlider.cpp */; };
		0DA26092236627C7005AD610 /* FJoystick.cpp in Sources */ = {isa = PBXBuildFile; fileRef = 0DA25F53236627C7005AD610 /* FJoystick.cpp */; };
		0DA26093236627C7005AD610 /* FScrollCanvasPaged.cpp in Sources */ = {isa = PBXBuildFile; fileRef = 0DA25F56236627C7005AD610 /* FScrollCanvasPaged.cpp */; };
		0DA26094236627C7005AD610 /* core_social.cpp in Sources */ = {isa = PBXBuildFile; fileRef = 0DA25F57236627C7005AD610 /* core_social.cpp */; };
		0DA26095236627C7005AD610 /* core_web.cpp in Sources */ = {isa = PBXBuildFile; fileRef = 0DA25F5A236627C7005AD610 /* core_web.cpp */; };
		0DA26096236627C7005AD610 /* FDrawQuad.cpp in Sources */ = {isa = PBXBuildFile; fileRef = 0DA25F5C236627C7005AD610 /* FDrawQuad.cpp */; };
		0DA26097236627C7005AD610 /* FAnimation.cpp in Sources */ = {isa = PBXBuildFile; fileRef = 0DA25F60236627C7005AD610 /* FAnimation.cpp */; };
		0DA26098236627C7005AD610 /* FTexture.cpp in Sources */ = {isa = PBXBuildFile; fileRef = 0DA25F61236627C7005AD610 /* FTexture.cpp */; };
		0DA26099236627C7005AD610 /* FGestureCanvas.cpp in Sources */ = {isa = PBXBuildFile; fileRef = 0DA25F64236627C7005AD610 /* FGestureCanvas.cpp */; };
		0DA2609A236627C7005AD610 /* FIndexBufferCache.cpp in Sources */ = {isa = PBXBuildFile; fileRef = 0DA25F65236627C7005AD610 /* FIndexBufferCache.cpp */; };
		0DA2609B236627C7005AD610 /* FSpline.cpp in Sources */ = {isa = PBXBuildFile; fileRef = 0DA25F66236627C7005AD610 /* FSpline.cpp */; };
		0DA2609C236627C7005AD610 /* FLine.cpp in Sources */ = {isa = PBXBuildFile; fileRef = 0DA25F67236627C7005AD610 /* FLine.cpp */; };
		0DA2609D236627C7005AD610 /* FSize.cpp in Sources */ = {isa = PBXBuildFile; fileRef = 0DA25F69236627C7005AD610 /* FSize.cpp */; };
		0DA2609E236627C7005AD610 /* FRandomizer.cpp in Sources */ = {isa = PBXBuildFile; fileRef = 0DA25F6A236627C7005AD610 /* FRandomizer.cpp */; };
		0DA2609F236627C7005AD610 /* FResource.cpp in Sources */ = {isa = PBXBuildFile; fileRef = 0DA25F6B236627C7005AD610 /* FResource.cpp */; };
		0DA260A0236627C7005AD610 /* FModelDataPacked.cpp in Sources */ = {isa = PBXBuildFile; fileRef = 0DA25F6C236627C7005AD610 /* FModelDataPacked.cpp */; };
		0DA260A1236627C7005AD610 /* FFileTable.cpp in Sources */ = {isa = PBXBuildFile; fileRef = 0DA25F6D236627C7005AD610 /* FFileTable.cpp */; };
		0DA260A2236627C7005AD610 /* FScrollCanvas.cpp in Sources */ = {isa = PBXBuildFile; fileRef = 0DA25F6E236627C7005AD610 /* FScrollCanvas.cpp */; };
		0DA260A3236627C7005AD610 /* FColor.cpp in Sources */ = {isa = PBXBuildFile; fileRef = 0DA25F71236627C7005AD610 /* FColor.cpp */; };
		0DA260A4236627C7005AD610 /* FJSON.cpp in Sources */ = {isa = PBXBuildFile; fileRef = 0DA25F72236627C7005AD610 /* FJSON.cpp */; };
		0DA260A5236627C7005AD610 /* FVec3.cpp in Sources */ = {isa = PBXBuildFile; fileRef = 0DA25F74236627C7005AD610 /* FVec3.cpp */; };
		0DA260A6236627C7005AD610 /* FVec2.cpp in Sources */ = {isa = PBXBuildFile; fileRef = 0DA25F75236627C7005AD610 /* FVec2.cpp */; };
		0DA260A7236627C7005AD610 /* FAssetResolutionConfigurator.cpp in Sources */ = {isa = PBXBuildFile; fileRef = 0DA25F76236627C7005AD610 /* FAssetResolutionConfigurator.cpp */; };
		0DA260A8236627C7005AD610 /* FCanvas.cpp in Sources */ = {isa = PBXBuildFile; fileRef = 0DA25F78236627C7005AD610 /* FCanvas.cpp */; };
		0DA260A9236627C7005AD610 /* GraphicsInterface.cpp in Sources */ = {isa = PBXBuildFile; fileRef = 0DA25F79236627C7005AD610 /* GraphicsInterface.cpp */; };
		0DA260AA236627C7005AD610 /* FButton.cpp in Sources */ = {isa = PBXBuildFile; fileRef = 0DA25F7A236627C7005AD610 /* FButton.cpp */; };
		0DA260AB236627C7005AD610 /* FLight.cpp in Sources */ = {isa = PBXBuildFile; fileRef = 0DA25F7B236627C7005AD610 /* FLight.cpp */; };
		0DA260AC236627C7005AD610 /* FXML.cpp in Sources */ = {isa = PBXBuildFile; fileRef = 0DA25F7C236627C7005AD610 /* FXML.cpp */; };
		0DA260AD236627C7005AD610 /* FParticle.cpp in Sources */ = {isa = PBXBuildFile; fileRef = 0DA25F7F236627C7005AD610 /* FParticle.cpp */; };
		0DA260AE236627C7005AD610 /* FSpriteSequence.cpp in Sources */ = {isa = PBXBuildFile; fileRef = 0DA25F83236627C7005AD610 /* FSpriteSequence.cpp */; };
		0DA260AF236627C7005AD610 /* FImage.cpp in Sources */ = {isa = PBXBuildFile; fileRef = 0DA25F86236627C7005AD610 /* FImage.cpp */; };
		0DA260B0236627C7005AD610 /* FPointList.cpp in Sources */ = {isa = PBXBuildFile; fileRef = 0DA25F89236627C7005AD610 /* FPointList.cpp */; };
		0DA260B1236627C7005AD610 /* FSprite.cpp in Sources */ = {isa = PBXBuildFile; fileRef = 0DA25F8B236627C7005AD610 /* FSprite.cpp */; };
		0DA260B2236627C7005AD610 /* FObject.cpp in Sources */ = {isa = PBXBuildFile; fileRef = 0DA25F8C236627C7005AD610 /* FObject.cpp */; };
		0DA260B3236627C7005AD610 /* FIndexList.cpp in Sources */ = {isa = PBXBuildFile; fileRef = 0DA25F8D236627C7005AD610 /* FIndexList.cpp */; };
		0DA260B4236627C7005AD610 /* UILabel.cpp in Sources */ = {isa = PBXBuildFile; fileRef = 0DA25F91236627C7005AD610 /* UILabel.cpp */; };
		0DA260B5236627C7005AD610 /* UIElement.cpp in Sources */ = {isa = PBXBuildFile; fileRef = 0DA25F92236627C7005AD610 /* UIElement.cpp */; };
		0DA260B6236627C7005AD610 /* UISegment.cpp in Sources */ = {isa = PBXBuildFile; fileRef = 0DA25F94236627C7005AD610 /* UISegment.cpp */; };
		0DA260B7236627C7005AD610 /* UITextBox.cpp in Sources */ = {isa = PBXBuildFile; fileRef = 0DA25F95236627C7005AD610 /* UITextBox.cpp */; };
		0DA260B8236627C7005AD610 /* UIButton.cpp in Sources */ = {isa = PBXBuildFile; fileRef = 0DA25F96236627C7005AD610 /* UIButton.cpp */; };
		0DA260B9236627C7005AD610 /* UISegmentButton.cpp in Sources */ = {isa = PBXBuildFile; fileRef = 0DA25F98236627C7005AD610 /* UISegmentButton.cpp */; };
		0DA260BA236627C7005AD610 /* UICheckBox.cpp in Sources */ = {isa = PBXBuildFile; fileRef = 0DA25F9A236627C7005AD610 /* UICheckBox.cpp */; };
		0DA260BB236627C7005AD610 /* UIAlignmentPicker.cpp in Sources */ = {isa = PBXBuildFile; fileRef = 0DA25F9B236627C7005AD610 /* UIAlignmentPicker.cpp */; };
		0DA260BC236627C7005AD610 /* UIAlignmentPickerButton.cpp in Sources */ = {isa = PBXBuildFile; fileRef = 0DA25F9D236627C7005AD610 /* UIAlignmentPickerButton.cpp */; };
		0DA260BD236627C7005AD610 /* ToolMenuHeader.cpp in Sources */ = {isa = PBXBuildFile; fileRef = 0DA25F9E236627C7005AD610 /* ToolMenuHeader.cpp */; };
		0DA260BE236627C7005AD610 /* ToolMenuSectionRow.cpp in Sources */ = {isa = PBXBuildFile; fileRef = 0DA25FA2236627C7005AD610 /* ToolMenuSectionRow.cpp */; };
		0DA260BF236627C7005AD610 /* DragableCanvas.cpp in Sources */ = {isa = PBXBuildFile; fileRef = 0DA25FA6236627C7005AD610 /* DragableCanvas.cpp */; };
		0DA260C0236627C7005AD610 /* ToolMenuSection.cpp in Sources */ = {isa = PBXBuildFile; fileRef = 0DA25FA9236627C7005AD610 /* ToolMenuSection.cpp */; };
		0DA260C1236627C7005AD610 /* ToolMenu.cpp in Sources */ = {isa = PBXBuildFile; fileRef = 0DA25FAA236627C7005AD610 /* ToolMenu.cpp */; };
		0DA260C2236627C7005AD610 /* UIRoundedRect.cpp in Sources */ = {isa = PBXBuildFile; fileRef = 0DA25FAB236627C7005AD610 /* UIRoundedRect.cpp */; };
		0DA260C3236627C7005AD610 /* UIImagePicker.cpp in Sources */ = {isa = PBXBuildFile; fileRef = 0DA25FAD236627C7005AD610 /* UIImagePicker.cpp */; };
		0DA260C4236627C7005AD610 /* Util_ScreenFrame.cpp in Sources */ = {isa = PBXBuildFile; fileRef = 0DA25FAE236627C7005AD610 /* Util_ScreenFrame.cpp */; };
		0DA260C5236627C7005AD610 /* UIStepper.cpp in Sources */ = {isa = PBXBuildFile; fileRef = 0DA25FAF236627C7005AD610 /* UIStepper.cpp */; };
		0DA260C6236627C7005AD610 /* ToolMenuPanelHeader.cpp in Sources */ = {isa = PBXBuildFile; fileRef = 0DA25FB0236627C7005AD610 /* ToolMenuPanelHeader.cpp */; };
		0DA260C7236627C7005AD610 /* UISlider.cpp in Sources */ = {isa = PBXBuildFile; fileRef = 0DA25FB5236627C7005AD610 /* UISlider.cpp */; };
		0DA260C8236627C7005AD610 /* UIImagePickerCell.cpp in Sources */ = {isa = PBXBuildFile; fileRef = 0DA25FB7236627C7005AD610 /* UIImagePickerCell.cpp */; };
		0DA260C9236627C7005AD610 /* ToolMenuPanel.cpp in Sources */ = {isa = PBXBuildFile; fileRef = 0DA25FBA236627C7005AD610 /* ToolMenuPanel.cpp */; };
		0DA260CA236627C7005AD610 /* FWindow.cpp in Sources */ = {isa = PBXBuildFile; fileRef = 0DA25FBC236627C7005AD610 /* FWindow.cpp */; };
		0DA260CB236627C7005AD610 /* FPolyPath.cpp in Sources */ = {isa = PBXBuildFile; fileRef = 0DA25FBD236627C7005AD610 /* FPolyPath.cpp */; };
		0DA260CC236627C7005AD610 /* FUniforms.cpp in Sources */ = {isa = PBXBuildFile; fileRef = 0DA25FBE236627C7005AD610 /* FUniforms.cpp */; };
		0DA260CD236627C7005AD610 /* FRect.cpp in Sources */ = {isa = PBXBuildFile; fileRef = 0DA25FC0236627C7005AD610 /* FRect.cpp */; };
		0DA260CE236627C7005AD610 /* FFloatList.cpp in Sources */ = {isa = PBXBuildFile; fileRef = 0DA25FC1236627C7005AD610 /* FFloatList.cpp */; };
		0DA260CF236627C7005AD610 /* FList.cpp in Sources */ = {isa = PBXBuildFile; fileRef = 0DA25FC2236627C7005AD610 /* FList.cpp */; };
		0DA260D0236627C7005AD610 /* FModelDataPackedSequence.cpp in Sources */ = {isa = PBXBuildFile; fileRef = 0DA25FC4236627C7005AD610 /* FModelDataPackedSequence.cpp */; };
		0DA260D1236627C7005AD610 /* FFile.cpp in Sources */ = {isa = PBXBuildFile; fileRef = 0DA25FC7236627C7005AD610 /* FFile.cpp */; };
		0DA260D2236627C7005AD610 /* FBuffer.cpp in Sources */ = {isa = PBXBuildFile; fileRef = 0DA25FC8236627C7005AD610 /* FBuffer.cpp */; };
		0DA260D3236627C7005AD610 /* FApp.cpp in Sources */ = {isa = PBXBuildFile; fileRef = 0DA25FC9236627C7005AD610 /* FApp.cpp */; };
		0DA260D4236627C7005AD610 /* FNotificationCenter.cpp in Sources */ = {isa = PBXBuildFile; fileRef = 0DA25FCF236627C7005AD610 /* FNotificationCenter.cpp */; };
		0DA260D5236627C7005AD610 /* core_app_shell.cpp in Sources */ = {isa = PBXBuildFile; fileRef = 0DA25FD0236627C7005AD610 /* core_app_shell.cpp */; };
		0DA260D6236627C7005AD610 /* FString.cpp in Sources */ = {isa = PBXBuildFile; fileRef = 0DA25FD3236627C7005AD610 /* FString.cpp */; };
		0DA260D7236627C7005AD610 /* RootViewController.mm in Sources */ = {isa = PBXBuildFile; fileRef = 0DA25FD5236627C7005AD610 /* RootViewController.mm */; };
		0DA260D8236627C7005AD610 /* RecursiveLockWrapper.m in Sources */ = {isa = PBXBuildFile; fileRef = 0DA25FD6236627C7005AD610 /* RecursiveLockWrapper.m */; };
		0DA260D9236627C7005AD610 /* os_core_social.cpp in Sources */ = {isa = PBXBuildFile; fileRef = 0DA25FD7236627C7005AD610 /* os_core_social.cpp */; };
		0DA260DA236627C7005AD610 /* os_core_music_mac.mm in Sources */ = {isa = PBXBuildFile; fileRef = 0DA25FDA236627C7005AD610 /* os_core_music_mac.mm */; };
		0DA260DB236627C7005AD610 /* os_core_includes.cpp in Sources */ = {isa = PBXBuildFile; fileRef = 0DA25FDB236627C7005AD610 /* os_core_includes.cpp */; };
		0DA260DC236627C7005AD610 /* MetalViewController.mm in Sources */ = {isa = PBXBuildFile; fileRef = 0DA25FDD236627C7005AD610 /* MetalViewController.mm */; };
		0DA260DD236627C7005AD610 /* main.mm in Sources */ = {isa = PBXBuildFile; fileRef = 0DA25FDE236627C7005AD610 /* main.mm */; };
		0DA260DE236627C7005AD610 /* os_core_sound_mac.mm in Sources */ = {isa = PBXBuildFile; fileRef = 0DA25FDF236627C7005AD610 /* os_core_sound_mac.mm */; };
		0DA260DF236627C7005AD610 /* PlatformGraphicsInterface.mm in Sources */ = {isa = PBXBuildFile; fileRef = 0DA25FE2236627C7005AD610 /* PlatformGraphicsInterface.mm */; };
		0DA260E0236627C7005AD610 /* MetalView.mm in Sources */ = {isa = PBXBuildFile; fileRef = 0DA25FE6236627C7005AD610 /* MetalView.mm */; };
		0DA260E1236627C7005AD610 /* os_core_web.cpp in Sources */ = {isa = PBXBuildFile; fileRef = 0DA25FE7236627C7005AD610 /* os_core_web.cpp */; };
		0DA260E2236627C7005AD610 /* AppDelegate.mm in Sources */ = {isa = PBXBuildFile; fileRef = 0DA25FE8236627C7005AD610 /* AppDelegate.mm */; };
		0DA260E3236627C7005AD610 /* os_core_app_shell_mac.mm in Sources */ = {isa = PBXBuildFile; fileRef = 0DA25FE9236627C7005AD610 /* os_core_app_shell_mac.mm */; };
		0DA260E4236627C7005AD610 /* OSMusicPlayer.mm in Sources */ = {isa = PBXBuildFile; fileRef = 0DA25FF0236627C7005AD610 /* OSMusicPlayer.mm */; };
		0DA260E5236627C7005AD610 /* os_core_outlets_mac.mm in Sources */ = {isa = PBXBuildFile; fileRef = 0DA25FF1236627C7005AD610 /* os_core_outlets_mac.mm */; };
		0DA2613223662845005AD610 /* AudioToolbox.framework in Frameworks */ = {isa = PBXBuildFile; fileRef = 0DA2613123662845005AD610 /* AudioToolbox.framework */; };
		0DA2613823662867005AD610 /* Metal.framework in Frameworks */ = {isa = PBXBuildFile; fileRef = 0DA2613323662867005AD610 /* Metal.framework */; };
		0DA2613923662867005AD610 /* AVFoundation.framework in Frameworks */ = {isa = PBXBuildFile; fileRef = 0DA2613423662867005AD610 /* AVFoundation.framework */; };
		0DA2613A23662867005AD610 /* Cocoa.framework in Frameworks */ = {isa = PBXBuildFile; fileRef = 0DA2613523662867005AD610 /* Cocoa.framework */; };
		0DA2613B23662867005AD610 /* OpenAL.framework in Frameworks */ = {isa = PBXBuildFile; fileRef = 0DA2613623662867005AD610 /* OpenAL.framework */; };
		0DA2613C23662867005AD610 /* QuartzCore.framework in Frameworks */ = {isa = PBXBuildFile; fileRef = 0DA2613723662867005AD610 /* QuartzCore.framework */; };
		0DB8B690236E7F0400C993E5 /* ProgressBar.cpp in Sources */ = {isa = PBXBuildFile; fileRef = 0DB8B68F236E7F0400C993E5 /* ProgressBar.cpp */; };
		0DB8B693236E7F0900C993E5 /* AssetWadGameInterface.cpp in Sources */ = {isa = PBXBuildFile; fileRef = 0DB8B691236E7F0900C993E5 /* AssetWadGameInterface.cpp */; };
		0DB8F1FE23662DAA00AF587D /* GFXApp.cpp in Sources */ = {isa = PBXBuildFile; fileRef = 0DB8F1FA23662DAA00AF587D /* GFXApp.cpp */; };
		0DB8F2032366326F00AF587D /* FloatingCamera.cpp in Sources */ = {isa = PBXBuildFile; fileRef = 0DB8F1FF2366326E00AF587D /* FloatingCamera.cpp */; };
		0DB8F2042366326F00AF587D /* PhongConfiguration.cpp in Sources */ = {isa = PBXBuildFile; fileRef = 0DB8F2012366326E00AF587D /* PhongConfiguration.cpp */; };
		0DB8F207236633E200AF587D /* LandingScene.cpp in Sources */ = {isa = PBXBuildFile; fileRef = 0DB8F205236633E200AF587D /* LandingScene.cpp */; };
/* End PBXBuildFile section */

/* Begin PBXFileReference section */
		0DA25F10236627C7005AD610 /* BufferBindingWrapper.mm */ = {isa = PBXFileReference; fileEncoding = 4; lastKnownFileType = sourcecode.cpp.objcpp; path = BufferBindingWrapper.mm; sourceTree = "<group>"; };
		0DA25F11236627C7005AD610 /* os_core_graphics.mm */ = {isa = PBXFileReference; fileEncoding = 4; lastKnownFileType = sourcecode.cpp.objcpp; path = os_core_graphics.mm; sourceTree = "<group>"; };
		0DA25F12236627C7005AD610 /* TextureBindingWrapper.h */ = {isa = PBXFileReference; fileEncoding = 4; lastKnownFileType = sourcecode.c.h; path = TextureBindingWrapper.h; sourceTree = "<group>"; };
		0DA25F13236627C7005AD610 /* MetalPipeline.h */ = {isa = PBXFileReference; fileEncoding = 4; lastKnownFileType = sourcecode.c.h; path = MetalPipeline.h; sourceTree = "<group>"; };
		0DA25F15236627C7005AD610 /* Shape3DShaders.metal */ = {isa = PBXFileReference; fileEncoding = 4; lastKnownFileType = sourcecode.metal; path = Shape3DShaders.metal; sourceTree = "<group>"; };
		0DA25F16236627C7005AD610 /* ShapeNodeShaders.metal */ = {isa = PBXFileReference; fileEncoding = 4; lastKnownFileType = sourcecode.metal; path = ShapeNodeShaders.metal; sourceTree = "<group>"; };
		0DA25F17236627C7005AD610 /* ShaderTypes.h */ = {isa = PBXFileReference; fileEncoding = 4; lastKnownFileType = sourcecode.c.h; path = ShaderTypes.h; sourceTree = "<group>"; };
		0DA25F18236627C7005AD610 /* PhongShaders.metal */ = {isa = PBXFileReference; fileEncoding = 4; lastKnownFileType = sourcecode.metal; path = PhongShaders.metal; sourceTree = "<group>"; };
		0DA25F19236627C7005AD610 /* Shape2DShaders.metal */ = {isa = PBXFileReference; fileEncoding = 4; lastKnownFileType = sourcecode.metal; path = Shape2DShaders.metal; sourceTree = "<group>"; };
		0DA25F1A236627C7005AD610 /* ModelShaders.metal */ = {isa = PBXFileReference; fileEncoding = 4; lastKnownFileType = sourcecode.metal; path = ModelShaders.metal; sourceTree = "<group>"; };
		0DA25F1B236627C7005AD610 /* SpriteShaders.metal */ = {isa = PBXFileReference; fileEncoding = 4; lastKnownFileType = sourcecode.metal; path = SpriteShaders.metal; sourceTree = "<group>"; };
		0DA25F1C236627C7005AD610 /* SimpleModelShaders.metal */ = {isa = PBXFileReference; fileEncoding = 4; lastKnownFileType = sourcecode.metal; path = SimpleModelShaders.metal; sourceTree = "<group>"; };
		0DA25F1D236627C7005AD610 /* BufferBindingWrapper.h */ = {isa = PBXFileReference; fileEncoding = 4; lastKnownFileType = sourcecode.c.h; path = BufferBindingWrapper.h; sourceTree = "<group>"; };
		0DA25F1E236627C7005AD610 /* TextureBindingWrapper.mm */ = {isa = PBXFileReference; fileEncoding = 4; lastKnownFileType = sourcecode.cpp.objcpp; path = TextureBindingWrapper.mm; sourceTree = "<group>"; };
		0DA25F1F236627C7005AD610 /* MetalEngine.h */ = {isa = PBXFileReference; fileEncoding = 4; lastKnownFileType = sourcecode.c.h; path = MetalEngine.h; sourceTree = "<group>"; };
		0DA25F20236627C7005AD610 /* os_core_graphics.h */ = {isa = PBXFileReference; fileEncoding = 4; lastKnownFileType = sourcecode.c.h; path = os_core_graphics.h; sourceTree = "<group>"; };
		0DA25F21236627C7005AD610 /* MetalEngine.mm */ = {isa = PBXFileReference; fileEncoding = 4; lastKnownFileType = sourcecode.cpp.objcpp; path = MetalEngine.mm; sourceTree = "<group>"; };
		0DA25F22236627C7005AD610 /* MetalPipeline.mm */ = {isa = PBXFileReference; fileEncoding = 4; lastKnownFileType = sourcecode.cpp.objcpp; path = MetalPipeline.mm; sourceTree = "<group>"; };
		0DA25F24236627C7005AD610 /* FHashMap.cpp */ = {isa = PBXFileReference; fileEncoding = 4; lastKnownFileType = sourcecode.cpp.cpp; path = FHashMap.cpp; sourceTree = "<group>"; };
		0DA25F25236627C7005AD610 /* FImage.hpp */ = {isa = PBXFileReference; fileEncoding = 4; lastKnownFileType = sourcecode.cpp.h; path = FImage.hpp; sourceTree = "<group>"; };
		0DA25F26236627C7005AD610 /* FObject.hpp */ = {isa = PBXFileReference; fileEncoding = 4; lastKnownFileType = sourcecode.cpp.h; path = FObject.hpp; sourceTree = "<group>"; };
		0DA25F27236627C7005AD610 /* FTextureCache.cpp */ = {isa = PBXFileReference; fileEncoding = 4; lastKnownFileType = sourcecode.cpp.cpp; path = FTextureCache.cpp; sourceTree = "<group>"; };
		0DA25F28236627C7005AD610 /* FPointList.hpp */ = {isa = PBXFileReference; fileEncoding = 4; lastKnownFileType = sourcecode.cpp.h; path = FPointList.hpp; sourceTree = "<group>"; };
		0DA25F29236627C7005AD610 /* FSprite.hpp */ = {isa = PBXFileReference; fileEncoding = 4; lastKnownFileType = sourcecode.cpp.h; path = FSprite.hpp; sourceTree = "<group>"; };
		0DA25F2A236627C7005AD610 /* FModelData.cpp */ = {isa = PBXFileReference; fileEncoding = 4; lastKnownFileType = sourcecode.cpp.cpp; path = FModelData.cpp; sourceTree = "<group>"; };
		0DA25F2B236627C7005AD610 /* FIndexList.hpp */ = {isa = PBXFileReference; fileEncoding = 4; lastKnownFileType = sourcecode.cpp.h; path = FIndexList.hpp; sourceTree = "<group>"; };
		0DA25F2C236627C7005AD610 /* FWindow.hpp */ = {isa = PBXFileReference; fileEncoding = 4; lastKnownFileType = sourcecode.cpp.h; path = FWindow.hpp; sourceTree = "<group>"; };
		0DA25F2D236627C7005AD610 /* FIntList.cpp */ = {isa = PBXFileReference; fileEncoding = 4; lastKnownFileType = sourcecode.cpp.cpp; path = FIntList.cpp; sourceTree = "<group>"; };
		0DA25F2E236627C7005AD610 /* FUniforms.hpp */ = {isa = PBXFileReference; fileEncoding = 4; lastKnownFileType = sourcecode.cpp.h; path = FUniforms.hpp; sourceTree = "<group>"; };
		0DA25F2F236627C7005AD610 /* FPolyPath.hpp */ = {isa = PBXFileReference; fileEncoding = 4; lastKnownFileType = sourcecode.cpp.h; path = FPolyPath.hpp; sourceTree = "<group>"; };
		0DA25F30236627C7005AD610 /* FModelData.h */ = {isa = PBXFileReference; fileEncoding = 4; lastKnownFileType = sourcecode.c.h; path = FModelData.h; sourceTree = "<group>"; };
		0DA25F31236627C7005AD610 /* FRect.hpp */ = {isa = PBXFileReference; fileEncoding = 4; lastKnownFileType = sourcecode.cpp.h; path = FRect.hpp; sourceTree = "<group>"; };
		0DA25F32236627C7005AD610 /* FQuad.cpp */ = {isa = PBXFileReference; fileEncoding = 4; lastKnownFileType = sourcecode.cpp.cpp; path = FQuad.cpp; sourceTree = "<group>"; };
		0DA25F33236627C7005AD610 /* FFloatList.hpp */ = {isa = PBXFileReference; fileEncoding = 4; lastKnownFileType = sourcecode.cpp.h; path = FFloatList.hpp; sourceTree = "<group>"; };
		0DA25F34236627C7005AD610 /* FList.hpp */ = {isa = PBXFileReference; fileEncoding = 4; lastKnownFileType = sourcecode.cpp.h; path = FList.hpp; sourceTree = "<group>"; };
		0DA25F35236627C7005AD610 /* FAssetWad.cpp */ = {isa = PBXFileReference; fileEncoding = 4; lastKnownFileType = sourcecode.cpp.cpp; path = FAssetWad.cpp; sourceTree = "<group>"; };
		0DA25F36236627C7005AD610 /* FImageBundler.cpp */ = {isa = PBXFileReference; fileEncoding = 4; lastKnownFileType = sourcecode.cpp.cpp; path = FImageBundler.cpp; sourceTree = "<group>"; };
		0DA25F37236627C7005AD610 /* FFont.cpp */ = {isa = PBXFileReference; fileEncoding = 4; lastKnownFileType = sourcecode.cpp.cpp; path = FFont.cpp; sourceTree = "<group>"; };
		0DA25F38236627C7005AD610 /* FModelDataPackedSequence.hpp */ = {isa = PBXFileReference; fileEncoding = 4; lastKnownFileType = sourcecode.cpp.h; path = FModelDataPackedSequence.hpp; sourceTree = "<group>"; };
		0DA25F39236627C7005AD610 /* FTouchManager.cpp */ = {isa = PBXFileReference; fileEncoding = 4; lastKnownFileType = sourcecode.cpp.cpp; path = FTouchManager.cpp; sourceTree = "<group>"; };
		0DA25F3A236627C7005AD610 /* FBuffer.hpp */ = {isa = PBXFileReference; fileEncoding = 4; lastKnownFileType = sourcecode.cpp.h; path = FBuffer.hpp; sourceTree = "<group>"; };
		0DA25F3B236627C7005AD610 /* FFile.hpp */ = {isa = PBXFileReference; fileEncoding = 4; lastKnownFileType = sourcecode.cpp.h; path = FFile.hpp; sourceTree = "<group>"; };
		0DA25F3C236627C7005AD610 /* FAchievement.cpp */ = {isa = PBXFileReference; fileEncoding = 4; lastKnownFileType = sourcecode.cpp.cpp; path = FAchievement.cpp; sourceTree = "<group>"; };
		0DA25F3D236627C7005AD610 /* FVertexBuffer.cpp */ = {isa = PBXFileReference; fileEncoding = 4; lastKnownFileType = sourcecode.cpp.cpp; path = FVertexBuffer.cpp; sourceTree = "<group>"; };
		0DA25F3E236627C7005AD610 /* FMath.cpp */ = {isa = PBXFileReference; fileEncoding = 4; lastKnownFileType = sourcecode.cpp.cpp; path = FMath.cpp; sourceTree = "<group>"; };
		0DA25F3F236627C7005AD610 /* FBufferCache.cpp */ = {isa = PBXFileReference; fileEncoding = 4; lastKnownFileType = sourcecode.cpp.cpp; path = FBufferCache.cpp; sourceTree = "<group>"; };
		0DA25F40236627C7005AD610 /* core_social.h */ = {isa = PBXFileReference; fileEncoding = 4; lastKnownFileType = sourcecode.c.h; path = core_social.h; sourceTree = "<group>"; };
		0DA25F41236627C7005AD610 /* FFloatBufferCache.cpp */ = {isa = PBXFileReference; fileEncoding = 4; lastKnownFileType = sourcecode.cpp.cpp; path = FFloatBufferCache.cpp; sourceTree = "<group>"; };
		0DA25F42236627C7005AD610 /* FApp.hpp */ = {isa = PBXFileReference; fileEncoding = 4; lastKnownFileType = sourcecode.cpp.h; path = FApp.hpp; sourceTree = "<group>"; };
		0DA25F43236627C7005AD610 /* FNotificationCenter.hpp */ = {isa = PBXFileReference; fileEncoding = 4; lastKnownFileType = sourcecode.cpp.h; path = FNotificationCenter.hpp; sourceTree = "<group>"; };
		0DA25F44236627C7005AD610 /* FMatrix.cpp */ = {isa = PBXFileReference; fileEncoding = 4; lastKnownFileType = sourcecode.cpp.cpp; path = FMatrix.cpp; sourceTree = "<group>"; };
		0DA25F45236627C7005AD610 /* FImageBundler.h */ = {isa = PBXFileReference; fileEncoding = 4; lastKnownFileType = sourcecode.c.h; path = FImageBundler.h; sourceTree = "<group>"; };
		0DA25F46236627C7005AD610 /* FPrimitive.cpp */ = {isa = PBXFileReference; fileEncoding = 4; lastKnownFileType = sourcecode.cpp.cpp; path = FPrimitive.cpp; sourceTree = "<group>"; };
		0DA25F47236627C7005AD610 /* core_app_shell.hpp */ = {isa = PBXFileReference; fileEncoding = 4; lastKnownFileType = sourcecode.cpp.h; path = core_app_shell.hpp; sourceTree = "<group>"; };
		0DA25F48236627C7005AD610 /* FString.hpp */ = {isa = PBXFileReference; fileEncoding = 4; lastKnownFileType = sourcecode.cpp.h; path = FString.hpp; sourceTree = "<group>"; };
		0DA25F49236627C7005AD610 /* core_web.h */ = {isa = PBXFileReference; fileEncoding = 4; lastKnownFileType = sourcecode.c.h; path = core_web.h; sourceTree = "<group>"; };
		0DA25F4A236627C7005AD610 /* FSound.cpp */ = {isa = PBXFileReference; fileEncoding = 4; lastKnownFileType = sourcecode.cpp.cpp; path = FSound.cpp; sourceTree = "<group>"; };
		0DA25F4B236627C7005AD610 /* FSize.hpp */ = {isa = PBXFileReference; fileEncoding = 4; lastKnownFileType = sourcecode.cpp.h; path = FSize.hpp; sourceTree = "<group>"; };
		0DA25F4C236627C7005AD610 /* FRandomizer.hpp */ = {isa = PBXFileReference; fileEncoding = 4; lastKnownFileType = sourcecode.cpp.h; path = FRandomizer.hpp; sourceTree = "<group>"; };
		0DA25F4D236627C7005AD610 /* FFileTable.hpp */ = {isa = PBXFileReference; fileEncoding = 4; lastKnownFileType = sourcecode.cpp.h; path = FFileTable.hpp; sourceTree = "<group>"; };
		0DA25F4E236627C7005AD610 /* FResource.hpp */ = {isa = PBXFileReference; fileEncoding = 4; lastKnownFileType = sourcecode.cpp.h; path = FResource.hpp; sourceTree = "<group>"; };
		0DA25F4F236627C7005AD610 /* FModelDataPacked.hpp */ = {isa = PBXFileReference; fileEncoding = 4; lastKnownFileType = sourcecode.cpp.h; path = FModelDataPacked.hpp; sourceTree = "<group>"; };
		0DA25F50236627C7005AD610 /* FSlider.cpp */ = {isa = PBXFileReference; fileEncoding = 4; lastKnownFileType = sourcecode.cpp.cpp; path = FSlider.cpp; sourceTree = "<group>"; };
		0DA25F51236627C7005AD610 /* FScrollCanvas.hpp */ = {isa = PBXFileReference; fileEncoding = 4; lastKnownFileType = sourcecode.cpp.h; path = FScrollCanvas.hpp; sourceTree = "<group>"; };
		0DA25F52236627C7005AD610 /* FColor.hpp */ = {isa = PBXFileReference; fileEncoding = 4; lastKnownFileType = sourcecode.cpp.h; path = FColor.hpp; sourceTree = "<group>"; };
		0DA25F53236627C7005AD610 /* FJoystick.cpp */ = {isa = PBXFileReference; fileEncoding = 4; lastKnownFileType = sourcecode.cpp.cpp; path = FJoystick.cpp; sourceTree = "<group>"; };
		0DA25F54236627C7005AD610 /* FJSON.hpp */ = {isa = PBXFileReference; fileEncoding = 4; lastKnownFileType = sourcecode.cpp.h; path = FJSON.hpp; sourceTree = "<group>"; };
		0DA25F55236627C7005AD610 /* FVec3.hpp */ = {isa = PBXFileReference; fileEncoding = 4; lastKnownFileType = sourcecode.cpp.h; path = FVec3.hpp; sourceTree = "<group>"; };
		0DA25F56236627C7005AD610 /* FScrollCanvasPaged.cpp */ = {isa = PBXFileReference; fileEncoding = 4; lastKnownFileType = sourcecode.cpp.cpp; path = FScrollCanvasPaged.cpp; sourceTree = "<group>"; };
		0DA25F57236627C7005AD610 /* core_social.cpp */ = {isa = PBXFileReference; fileEncoding = 4; lastKnownFileType = sourcecode.cpp.cpp; path = core_social.cpp; sourceTree = "<group>"; };
		0DA25F58236627C7005AD610 /* FAssetResolutionConfigurator.hpp */ = {isa = PBXFileReference; fileEncoding = 4; lastKnownFileType = sourcecode.cpp.h; path = FAssetResolutionConfigurator.hpp; sourceTree = "<group>"; };
		0DA25F59236627C7005AD610 /* FVec2.hpp */ = {isa = PBXFileReference; fileEncoding = 4; lastKnownFileType = sourcecode.cpp.h; path = FVec2.hpp; sourceTree = "<group>"; };
		0DA25F5A236627C7005AD610 /* core_web.cpp */ = {isa = PBXFileReference; fileEncoding = 4; lastKnownFileType = sourcecode.cpp.cpp; path = core_web.cpp; sourceTree = "<group>"; };
		0DA25F5B236627C7005AD610 /* FCanvas.hpp */ = {isa = PBXFileReference; fileEncoding = 4; lastKnownFileType = sourcecode.cpp.h; path = FCanvas.hpp; sourceTree = "<group>"; };
		0DA25F5C236627C7005AD610 /* FDrawQuad.cpp */ = {isa = PBXFileReference; fileEncoding = 4; lastKnownFileType = sourcecode.cpp.cpp; path = FDrawQuad.cpp; sourceTree = "<group>"; };
		0DA25F5D236627C7005AD610 /* FXML.hpp */ = {isa = PBXFileReference; fileEncoding = 4; lastKnownFileType = sourcecode.cpp.h; path = FXML.hpp; sourceTree = "<group>"; };
		0DA25F5E236627C7005AD610 /* FLight.hpp */ = {isa = PBXFileReference; fileEncoding = 4; lastKnownFileType = sourcecode.cpp.h; path = FLight.hpp; sourceTree = "<group>"; };
		0DA25F5F236627C7005AD610 /* FButton.hpp */ = {isa = PBXFileReference; fileEncoding = 4; lastKnownFileType = sourcecode.cpp.h; path = FButton.hpp; sourceTree = "<group>"; };
		0DA25F60236627C7005AD610 /* FAnimation.cpp */ = {isa = PBXFileReference; fileEncoding = 4; lastKnownFileType = sourcecode.cpp.cpp; path = FAnimation.cpp; sourceTree = "<group>"; };
		0DA25F61236627C7005AD610 /* FTexture.cpp */ = {isa = PBXFileReference; fileEncoding = 4; lastKnownFileType = sourcecode.cpp.cpp; path = FTexture.cpp; sourceTree = "<group>"; };
		0DA25F62236627C7005AD610 /* GraphicsInterface.hpp */ = {isa = PBXFileReference; fileEncoding = 4; lastKnownFileType = sourcecode.cpp.h; path = GraphicsInterface.hpp; sourceTree = "<group>"; };
		0DA25F63236627C7005AD610 /* FParticle.hpp */ = {isa = PBXFileReference; fileEncoding = 4; lastKnownFileType = sourcecode.cpp.h; path = FParticle.hpp; sourceTree = "<group>"; };
		0DA25F64236627C7005AD610 /* FGestureCanvas.cpp */ = {isa = PBXFileReference; fileEncoding = 4; lastKnownFileType = sourcecode.cpp.cpp; path = FGestureCanvas.cpp; sourceTree = "<group>"; };
		0DA25F65236627C7005AD610 /* FIndexBufferCache.cpp */ = {isa = PBXFileReference; fileEncoding = 4; lastKnownFileType = sourcecode.cpp.cpp; path = FIndexBufferCache.cpp; sourceTree = "<group>"; };
		0DA25F66236627C7005AD610 /* FSpline.cpp */ = {isa = PBXFileReference; fileEncoding = 4; lastKnownFileType = sourcecode.cpp.cpp; path = FSpline.cpp; sourceTree = "<group>"; };
		0DA25F67236627C7005AD610 /* FLine.cpp */ = {isa = PBXFileReference; fileEncoding = 4; lastKnownFileType = sourcecode.cpp.cpp; path = FLine.cpp; sourceTree = "<group>"; };
		0DA25F68236627C7005AD610 /* FSound.hpp */ = {isa = PBXFileReference; fileEncoding = 4; lastKnownFileType = sourcecode.cpp.h; path = FSound.hpp; sourceTree = "<group>"; };
		0DA25F69236627C7005AD610 /* FSize.cpp */ = {isa = PBXFileReference; fileEncoding = 4; lastKnownFileType = sourcecode.cpp.cpp; path = FSize.cpp; sourceTree = "<group>"; };
		0DA25F6A236627C7005AD610 /* FRandomizer.cpp */ = {isa = PBXFileReference; fileEncoding = 4; lastKnownFileType = sourcecode.cpp.cpp; path = FRandomizer.cpp; sourceTree = "<group>"; };
		0DA25F6B236627C7005AD610 /* FResource.cpp */ = {isa = PBXFileReference; fileEncoding = 4; lastKnownFileType = sourcecode.cpp.cpp; path = FResource.cpp; sourceTree = "<group>"; };
		0DA25F6C236627C7005AD610 /* FModelDataPacked.cpp */ = {isa = PBXFileReference; fileEncoding = 4; lastKnownFileType = sourcecode.cpp.cpp; path = FModelDataPacked.cpp; sourceTree = "<group>"; };
		0DA25F6D236627C7005AD610 /* FFileTable.cpp */ = {isa = PBXFileReference; fileEncoding = 4; lastKnownFileType = sourcecode.cpp.cpp; path = FFileTable.cpp; sourceTree = "<group>"; };
		0DA25F6E236627C7005AD610 /* FScrollCanvas.cpp */ = {isa = PBXFileReference; fileEncoding = 4; lastKnownFileType = sourcecode.cpp.cpp; path = FScrollCanvas.cpp; sourceTree = "<group>"; };
		0DA25F6F236627C7005AD610 /* core_includes.h */ = {isa = PBXFileReference; fileEncoding = 4; lastKnownFileType = sourcecode.c.h; path = core_includes.h; sourceTree = "<group>"; };
		0DA25F70236627C7005AD610 /* FSlider.hpp */ = {isa = PBXFileReference; fileEncoding = 4; lastKnownFileType = sourcecode.cpp.h; path = FSlider.hpp; sourceTree = "<group>"; };
		0DA25F71236627C7005AD610 /* FColor.cpp */ = {isa = PBXFileReference; fileEncoding = 4; lastKnownFileType = sourcecode.cpp.cpp; path = FColor.cpp; sourceTree = "<group>"; };
		0DA25F72236627C7005AD610 /* FJSON.cpp */ = {isa = PBXFileReference; fileEncoding = 4; lastKnownFileType = sourcecode.cpp.cpp; path = FJSON.cpp; sourceTree = "<group>"; };
		0DA25F73236627C7005AD610 /* FScrollCanvasPaged.hpp */ = {isa = PBXFileReference; fileEncoding = 4; lastKnownFileType = sourcecode.cpp.h; path = FScrollCanvasPaged.hpp; sourceTree = "<group>"; };
		0DA25F74236627C7005AD610 /* FVec3.cpp */ = {isa = PBXFileReference; fileEncoding = 4; lastKnownFileType = sourcecode.cpp.cpp; path = FVec3.cpp; sourceTree = "<group>"; };
		0DA25F75236627C7005AD610 /* FVec2.cpp */ = {isa = PBXFileReference; fileEncoding = 4; lastKnownFileType = sourcecode.cpp.cpp; path = FVec2.cpp; sourceTree = "<group>"; };
		0DA25F76236627C7005AD610 /* FAssetResolutionConfigurator.cpp */ = {isa = PBXFileReference; fileEncoding = 4; lastKnownFileType = sourcecode.cpp.cpp; path = FAssetResolutionConfigurator.cpp; sourceTree = "<group>"; };
		0DA25F77236627C7005AD610 /* FDrawQuad.hpp */ = {isa = PBXFileReference; fileEncoding = 4; lastKnownFileType = sourcecode.cpp.h; path = FDrawQuad.hpp; sourceTree = "<group>"; };
		0DA25F78236627C7005AD610 /* FCanvas.cpp */ = {isa = PBXFileReference; fileEncoding = 4; lastKnownFileType = sourcecode.cpp.cpp; path = FCanvas.cpp; sourceTree = "<group>"; };
		0DA25F79236627C7005AD610 /* GraphicsInterface.cpp */ = {isa = PBXFileReference; fileEncoding = 4; lastKnownFileType = sourcecode.cpp.cpp; path = GraphicsInterface.cpp; sourceTree = "<group>"; };
		0DA25F7A236627C7005AD610 /* FButton.cpp */ = {isa = PBXFileReference; fileEncoding = 4; lastKnownFileType = sourcecode.cpp.cpp; path = FButton.cpp; sourceTree = "<group>"; };
		0DA25F7B236627C7005AD610 /* FLight.cpp */ = {isa = PBXFileReference; fileEncoding = 4; lastKnownFileType = sourcecode.cpp.cpp; path = FLight.cpp; sourceTree = "<group>"; };
		0DA25F7C236627C7005AD610 /* FXML.cpp */ = {isa = PBXFileReference; fileEncoding = 4; lastKnownFileType = sourcecode.cpp.cpp; path = FXML.cpp; sourceTree = "<group>"; };
		0DA25F7D236627C7005AD610 /* FTexture.hpp */ = {isa = PBXFileReference; fileEncoding = 4; lastKnownFileType = sourcecode.cpp.h; path = FTexture.hpp; sourceTree = "<group>"; };
		0DA25F7E236627C7005AD610 /* FAnimation.hpp */ = {isa = PBXFileReference; fileEncoding = 4; lastKnownFileType = sourcecode.cpp.h; path = FAnimation.hpp; sourceTree = "<group>"; };
		0DA25F7F236627C7005AD610 /* FParticle.cpp */ = {isa = PBXFileReference; fileEncoding = 4; lastKnownFileType = sourcecode.cpp.cpp; path = FParticle.cpp; sourceTree = "<group>"; };
		0DA25F80236627C7005AD610 /* FGestureCanvas.hpp */ = {isa = PBXFileReference; fileEncoding = 4; lastKnownFileType = sourcecode.cpp.h; path = FGestureCanvas.hpp; sourceTree = "<group>"; };
		0DA25F81236627C7005AD610 /* FIndexBufferCache.hpp */ = {isa = PBXFileReference; fileEncoding = 4; lastKnownFileType = sourcecode.cpp.h; path = FIndexBufferCache.hpp; sourceTree = "<group>"; };
		0DA25F82236627C7005AD610 /* FVertexBuffer.h */ = {isa = PBXFileReference; fileEncoding = 4; lastKnownFileType = sourcecode.c.h; path = FVertexBuffer.h; sourceTree = "<group>"; };
		0DA25F83236627C7005AD610 /* FSpriteSequence.cpp */ = {isa = PBXFileReference; fileEncoding = 4; lastKnownFileType = sourcecode.cpp.cpp; path = FSpriteSequence.cpp; sourceTree = "<group>"; };
		0DA25F84236627C7005AD610 /* FSpline.hpp */ = {isa = PBXFileReference; fileEncoding = 4; lastKnownFileType = sourcecode.cpp.h; path = FSpline.hpp; sourceTree = "<group>"; };
		0DA25F85236627C7005AD610 /* FLine.hpp */ = {isa = PBXFileReference; fileEncoding = 4; lastKnownFileType = sourcecode.cpp.h; path = FLine.hpp; sourceTree = "<group>"; };
		0DA25F86236627C7005AD610 /* FImage.cpp */ = {isa = PBXFileReference; fileEncoding = 4; lastKnownFileType = sourcecode.cpp.cpp; path = FImage.cpp; sourceTree = "<group>"; };
		0DA25F87236627C7005AD610 /* FHashMap.hpp */ = {isa = PBXFileReference; fileEncoding = 4; lastKnownFileType = sourcecode.cpp.h; path = FHashMap.hpp; sourceTree = "<group>"; };
		0DA25F88236627C7005AD610 /* FTextureCache.hpp */ = {isa = PBXFileReference; fileEncoding = 4; lastKnownFileType = sourcecode.cpp.h; path = FTextureCache.hpp; sourceTree = "<group>"; };
		0DA25F89236627C7005AD610 /* FPointList.cpp */ = {isa = PBXFileReference; fileEncoding = 4; lastKnownFileType = sourcecode.cpp.cpp; path = FPointList.cpp; sourceTree = "<group>"; };
		0DA25F8A236627C7005AD610 /* FJoystick.h */ = {isa = PBXFileReference; fileEncoding = 4; lastKnownFileType = sourcecode.c.h; path = FJoystick.h; sourceTree = "<group>"; };
		0DA25F8B236627C7005AD610 /* FSprite.cpp */ = {isa = PBXFileReference; fileEncoding = 4; lastKnownFileType = sourcecode.cpp.cpp; path = FSprite.cpp; sourceTree = "<group>"; };
		0DA25F8C236627C7005AD610 /* FObject.cpp */ = {isa = PBXFileReference; fileEncoding = 4; lastKnownFileType = sourcecode.cpp.cpp; path = FObject.cpp; sourceTree = "<group>"; };
		0DA25F8D236627C7005AD610 /* FIndexList.cpp */ = {isa = PBXFileReference; fileEncoding = 4; lastKnownFileType = sourcecode.cpp.cpp; path = FIndexList.cpp; sourceTree = "<group>"; };
		0DA25F8F236627C7005AD610 /* UIStepper.hpp */ = {isa = PBXFileReference; fileEncoding = 4; lastKnownFileType = sourcecode.cpp.h; path = UIStepper.hpp; sourceTree = "<group>"; };
		0DA25F90236627C7005AD610 /* ToolMenuPanelHeader.hpp */ = {isa = PBXFileReference; fileEncoding = 4; lastKnownFileType = sourcecode.cpp.h; path = ToolMenuPanelHeader.hpp; sourceTree = "<group>"; };
		0DA25F91236627C7005AD610 /* UILabel.cpp */ = {isa = PBXFileReference; fileEncoding = 4; lastKnownFileType = sourcecode.cpp.cpp; path = UILabel.cpp; sourceTree = "<group>"; };
		0DA25F92236627C7005AD610 /* UIElement.cpp */ = {isa = PBXFileReference; fileEncoding = 4; lastKnownFileType = sourcecode.cpp.cpp; path = UIElement.cpp; sourceTree = "<group>"; };
		0DA25F93236627C7005AD610 /* UISlider.hpp */ = {isa = PBXFileReference; fileEncoding = 4; lastKnownFileType = sourcecode.cpp.h; path = UISlider.hpp; sourceTree = "<group>"; };
		0DA25F94236627C7005AD610 /* UISegment.cpp */ = {isa = PBXFileReference; fileEncoding = 4; lastKnownFileType = sourcecode.cpp.cpp; path = UISegment.cpp; sourceTree = "<group>"; };
		0DA25F95236627C7005AD610 /* UITextBox.cpp */ = {isa = PBXFileReference; fileEncoding = 4; lastKnownFileType = sourcecode.cpp.cpp; path = UITextBox.cpp; sourceTree = "<group>"; };
		0DA25F96236627C7005AD610 /* UIButton.cpp */ = {isa = PBXFileReference; fileEncoding = 4; lastKnownFileType = sourcecode.cpp.cpp; path = UIButton.cpp; sourceTree = "<group>"; };
		0DA25F97236627C7005AD610 /* UIImagePickerCell.hpp */ = {isa = PBXFileReference; fileEncoding = 4; lastKnownFileType = sourcecode.cpp.h; path = UIImagePickerCell.hpp; sourceTree = "<group>"; };
		0DA25F98236627C7005AD610 /* UISegmentButton.cpp */ = {isa = PBXFileReference; fileEncoding = 4; lastKnownFileType = sourcecode.cpp.cpp; path = UISegmentButton.cpp; sourceTree = "<group>"; };
		0DA25F99236627C7005AD610 /* ToolMenuPanel.hpp */ = {isa = PBXFileReference; fileEncoding = 4; lastKnownFileType = sourcecode.cpp.h; path = ToolMenuPanel.hpp; sourceTree = "<group>"; };
		0DA25F9A236627C7005AD610 /* UICheckBox.cpp */ = {isa = PBXFileReference; fileEncoding = 4; lastKnownFileType = sourcecode.cpp.cpp; path = UICheckBox.cpp; sourceTree = "<group>"; };
		0DA25F9B236627C7005AD610 /* UIAlignmentPicker.cpp */ = {isa = PBXFileReference; fileEncoding = 4; lastKnownFileType = sourcecode.cpp.cpp; path = UIAlignmentPicker.cpp; sourceTree = "<group>"; };
		0DA25F9C236627C7005AD610 /* DragableCanvas.hpp */ = {isa = PBXFileReference; fileEncoding = 4; lastKnownFileType = sourcecode.cpp.h; path = DragableCanvas.hpp; sourceTree = "<group>"; };
		0DA25F9D236627C7005AD610 /* UIAlignmentPickerButton.cpp */ = {isa = PBXFileReference; fileEncoding = 4; lastKnownFileType = sourcecode.cpp.cpp; path = UIAlignmentPickerButton.cpp; sourceTree = "<group>"; };
		0DA25F9E236627C7005AD610 /* ToolMenuHeader.cpp */ = {isa = PBXFileReference; fileEncoding = 4; lastKnownFileType = sourcecode.cpp.cpp; path = ToolMenuHeader.cpp; sourceTree = "<group>"; };
		0DA25F9F236627C7005AD610 /* ToolMenuSection.hpp */ = {isa = PBXFileReference; fileEncoding = 4; lastKnownFileType = sourcecode.cpp.h; path = ToolMenuSection.hpp; sourceTree = "<group>"; };
		0DA25FA0236627C7005AD610 /* ToolMenu.hpp */ = {isa = PBXFileReference; fileEncoding = 4; lastKnownFileType = sourcecode.cpp.h; path = ToolMenu.hpp; sourceTree = "<group>"; };
		0DA25FA1236627C7005AD610 /* UIRoundedRect.hpp */ = {isa = PBXFileReference; fileEncoding = 4; lastKnownFileType = sourcecode.cpp.h; path = UIRoundedRect.hpp; sourceTree = "<group>"; };
		0DA25FA2236627C7005AD610 /* ToolMenuSectionRow.cpp */ = {isa = PBXFileReference; fileEncoding = 4; lastKnownFileType = sourcecode.cpp.cpp; path = ToolMenuSectionRow.cpp; sourceTree = "<group>"; };
		0DA25FA3236627C7005AD610 /* UIImagePicker.hpp */ = {isa = PBXFileReference; fileEncoding = 4; lastKnownFileType = sourcecode.cpp.h; path = UIImagePicker.hpp; sourceTree = "<group>"; };
		0DA25FA4236627C7005AD610 /* UICheckBox.hpp */ = {isa = PBXFileReference; fileEncoding = 4; lastKnownFileType = sourcecode.cpp.h; path = UICheckBox.hpp; sourceTree = "<group>"; };
		0DA25FA5236627C7005AD610 /* UIAlignmentPicker.hpp */ = {isa = PBXFileReference; fileEncoding = 4; lastKnownFileType = sourcecode.cpp.h; path = UIAlignmentPicker.hpp; sourceTree = "<group>"; };
		0DA25FA6236627C7005AD610 /* DragableCanvas.cpp */ = {isa = PBXFileReference; fileEncoding = 4; lastKnownFileType = sourcecode.cpp.cpp; path = DragableCanvas.cpp; sourceTree = "<group>"; };
		0DA25FA7236627C7005AD610 /* UIAlignmentPickerButton.hpp */ = {isa = PBXFileReference; fileEncoding = 4; lastKnownFileType = sourcecode.cpp.h; path = UIAlignmentPickerButton.hpp; sourceTree = "<group>"; };
		0DA25FA8236627C7005AD610 /* ToolMenuHeader.hpp */ = {isa = PBXFileReference; fileEncoding = 4; lastKnownFileType = sourcecode.cpp.h; path = ToolMenuHeader.hpp; sourceTree = "<group>"; };
		0DA25FA9236627C7005AD610 /* ToolMenuSection.cpp */ = {isa = PBXFileReference; fileEncoding = 4; lastKnownFileType = sourcecode.cpp.cpp; path = ToolMenuSection.cpp; sourceTree = "<group>"; };
		0DA25FAA236627C7005AD610 /* ToolMenu.cpp */ = {isa = PBXFileReference; fileEncoding = 4; lastKnownFileType = sourcecode.cpp.cpp; path = ToolMenu.cpp; sourceTree = "<group>"; };
		0DA25FAB236627C7005AD610 /* UIRoundedRect.cpp */ = {isa = PBXFileReference; fileEncoding = 4; lastKnownFileType = sourcecode.cpp.cpp; path = UIRoundedRect.cpp; sourceTree = "<group>"; };
		0DA25FAC236627C7005AD610 /* ToolMenuSectionRow.hpp */ = {isa = PBXFileReference; fileEncoding = 4; lastKnownFileType = sourcecode.cpp.h; path = ToolMenuSectionRow.hpp; sourceTree = "<group>"; };
		0DA25FAD236627C7005AD610 /* UIImagePicker.cpp */ = {isa = PBXFileReference; fileEncoding = 4; lastKnownFileType = sourcecode.cpp.cpp; path = UIImagePicker.cpp; sourceTree = "<group>"; };
		0DA25FAE236627C7005AD610 /* Util_ScreenFrame.cpp */ = {isa = PBXFileReference; fileEncoding = 4; lastKnownFileType = sourcecode.cpp.cpp; path = Util_ScreenFrame.cpp; sourceTree = "<group>"; };
		0DA25FAF236627C7005AD610 /* UIStepper.cpp */ = {isa = PBXFileReference; fileEncoding = 4; lastKnownFileType = sourcecode.cpp.cpp; path = UIStepper.cpp; sourceTree = "<group>"; };
		0DA25FB0236627C7005AD610 /* ToolMenuPanelHeader.cpp */ = {isa = PBXFileReference; fileEncoding = 4; lastKnownFileType = sourcecode.cpp.cpp; path = ToolMenuPanelHeader.cpp; sourceTree = "<group>"; };
		0DA25FB1236627C7005AD610 /* UILabel.hpp */ = {isa = PBXFileReference; fileEncoding = 4; lastKnownFileType = sourcecode.cpp.h; path = UILabel.hpp; sourceTree = "<group>"; };
		0DA25FB2236627C7005AD610 /* UIElement.hpp */ = {isa = PBXFileReference; fileEncoding = 4; lastKnownFileType = sourcecode.cpp.h; path = UIElement.hpp; sourceTree = "<group>"; };
		0DA25FB3236627C7005AD610 /* UISegment.hpp */ = {isa = PBXFileReference; fileEncoding = 4; lastKnownFileType = sourcecode.cpp.h; path = UISegment.hpp; sourceTree = "<group>"; };
		0DA25FB4236627C7005AD610 /* UITextBox.hpp */ = {isa = PBXFileReference; fileEncoding = 4; lastKnownFileType = sourcecode.cpp.h; path = UITextBox.hpp; sourceTree = "<group>"; };
		0DA25FB5236627C7005AD610 /* UISlider.cpp */ = {isa = PBXFileReference; fileEncoding = 4; lastKnownFileType = sourcecode.cpp.cpp; path = UISlider.cpp; sourceTree = "<group>"; };
		0DA25FB6236627C7005AD610 /* UIButton.hpp */ = {isa = PBXFileReference; fileEncoding = 4; lastKnownFileType = sourcecode.cpp.h; path = UIButton.hpp; sourceTree = "<group>"; };
		0DA25FB7236627C7005AD610 /* UIImagePickerCell.cpp */ = {isa = PBXFileReference; fileEncoding = 4; lastKnownFileType = sourcecode.cpp.cpp; path = UIImagePickerCell.cpp; sourceTree = "<group>"; };
		0DA25FB8236627C7005AD610 /* UISegmentButton.hpp */ = {isa = PBXFileReference; fileEncoding = 4; lastKnownFileType = sourcecode.cpp.h; path = UISegmentButton.hpp; sourceTree = "<group>"; };
		0DA25FB9236627C7005AD610 /* Util_ScreenFrame.h */ = {isa = PBXFileReference; fileEncoding = 4; lastKnownFileType = sourcecode.c.h; path = Util_ScreenFrame.h; sourceTree = "<group>"; };
		0DA25FBA236627C7005AD610 /* ToolMenuPanel.cpp */ = {isa = PBXFileReference; fileEncoding = 4; lastKnownFileType = sourcecode.cpp.cpp; path = ToolMenuPanel.cpp; sourceTree = "<group>"; };
		0DA25FBB236627C7005AD610 /* FIntList.hpp */ = {isa = PBXFileReference; fileEncoding = 4; lastKnownFileType = sourcecode.cpp.h; path = FIntList.hpp; sourceTree = "<group>"; };
		0DA25FBC236627C7005AD610 /* FWindow.cpp */ = {isa = PBXFileReference; fileEncoding = 4; lastKnownFileType = sourcecode.cpp.cpp; path = FWindow.cpp; sourceTree = "<group>"; };
		0DA25FBD236627C7005AD610 /* FPolyPath.cpp */ = {isa = PBXFileReference; fileEncoding = 4; lastKnownFileType = sourcecode.cpp.cpp; path = FPolyPath.cpp; sourceTree = "<group>"; };
		0DA25FBE236627C7005AD610 /* FUniforms.cpp */ = {isa = PBXFileReference; fileEncoding = 4; lastKnownFileType = sourcecode.cpp.cpp; path = FUniforms.cpp; sourceTree = "<group>"; };
		0DA25FBF236627C7005AD610 /* FQuad.hpp */ = {isa = PBXFileReference; fileEncoding = 4; lastKnownFileType = sourcecode.cpp.h; path = FQuad.hpp; sourceTree = "<group>"; };
		0DA25FC0236627C7005AD610 /* FRect.cpp */ = {isa = PBXFileReference; fileEncoding = 4; lastKnownFileType = sourcecode.cpp.cpp; path = FRect.cpp; sourceTree = "<group>"; };
		0DA25FC1236627C7005AD610 /* FFloatList.cpp */ = {isa = PBXFileReference; fileEncoding = 4; lastKnownFileType = sourcecode.cpp.cpp; path = FFloatList.cpp; sourceTree = "<group>"; };
		0DA25FC2236627C7005AD610 /* FList.cpp */ = {isa = PBXFileReference; fileEncoding = 4; lastKnownFileType = sourcecode.cpp.cpp; path = FList.cpp; sourceTree = "<group>"; };
		0DA25FC3236627C7005AD610 /* FAssetWad.hpp */ = {isa = PBXFileReference; fileEncoding = 4; lastKnownFileType = sourcecode.cpp.h; path = FAssetWad.hpp; sourceTree = "<group>"; };
		0DA25FC4236627C7005AD610 /* FModelDataPackedSequence.cpp */ = {isa = PBXFileReference; fileEncoding = 4; lastKnownFileType = sourcecode.cpp.cpp; path = FModelDataPackedSequence.cpp; sourceTree = "<group>"; };
		0DA25FC5236627C7005AD610 /* FFont.hpp */ = {isa = PBXFileReference; fileEncoding = 4; lastKnownFileType = sourcecode.cpp.h; path = FFont.hpp; sourceTree = "<group>"; };
		0DA25FC6236627C7005AD610 /* FTouchManager.hpp */ = {isa = PBXFileReference; fileEncoding = 4; lastKnownFileType = sourcecode.cpp.h; path = FTouchManager.hpp; sourceTree = "<group>"; };
		0DA25FC7236627C7005AD610 /* FFile.cpp */ = {isa = PBXFileReference; fileEncoding = 4; lastKnownFileType = sourcecode.cpp.cpp; path = FFile.cpp; sourceTree = "<group>"; };
		0DA25FC8236627C7005AD610 /* FBuffer.cpp */ = {isa = PBXFileReference; fileEncoding = 4; lastKnownFileType = sourcecode.cpp.cpp; path = FBuffer.cpp; sourceTree = "<group>"; };
		0DA25FC9236627C7005AD610 /* FApp.cpp */ = {isa = PBXFileReference; fileEncoding = 4; lastKnownFileType = sourcecode.cpp.cpp; path = FApp.cpp; sourceTree = "<group>"; };
		0DA25FCA236627C7005AD610 /* FBufferCache.hpp */ = {isa = PBXFileReference; fileEncoding = 4; lastKnownFileType = sourcecode.cpp.h; path = FBufferCache.hpp; sourceTree = "<group>"; };
		0DA25FCB236627C7005AD610 /* FFloatBufferCache.hpp */ = {isa = PBXFileReference; fileEncoding = 4; lastKnownFileType = sourcecode.cpp.h; path = FFloatBufferCache.hpp; sourceTree = "<group>"; };
		0DA25FCC236627C7005AD610 /* FAchievement.hpp */ = {isa = PBXFileReference; fileEncoding = 4; lastKnownFileType = sourcecode.cpp.h; path = FAchievement.hpp; sourceTree = "<group>"; };
		0DA25FCD236627C7005AD610 /* FMath.hpp */ = {isa = PBXFileReference; fileEncoding = 4; lastKnownFileType = sourcecode.cpp.h; path = FMath.hpp; sourceTree = "<group>"; };
		0DA25FCE236627C7005AD610 /* FSpriteSequence.h */ = {isa = PBXFileReference; fileEncoding = 4; lastKnownFileType = sourcecode.c.h; path = FSpriteSequence.h; sourceTree = "<group>"; };
		0DA25FCF236627C7005AD610 /* FNotificationCenter.cpp */ = {isa = PBXFileReference; fileEncoding = 4; lastKnownFileType = sourcecode.cpp.cpp; path = FNotificationCenter.cpp; sourceTree = "<group>"; };
		0DA25FD0236627C7005AD610 /* core_app_shell.cpp */ = {isa = PBXFileReference; fileEncoding = 4; lastKnownFileType = sourcecode.cpp.cpp; path = core_app_shell.cpp; sourceTree = "<group>"; };
		0DA25FD1236627C7005AD610 /* FPrimitive.hpp */ = {isa = PBXFileReference; fileEncoding = 4; lastKnownFileType = sourcecode.cpp.h; path = FPrimitive.hpp; sourceTree = "<group>"; };
		0DA25FD2236627C7005AD610 /* FMatrix.hpp */ = {isa = PBXFileReference; fileEncoding = 4; lastKnownFileType = sourcecode.cpp.h; path = FMatrix.hpp; sourceTree = "<group>"; };
		0DA25FD3236627C7005AD610 /* FString.cpp */ = {isa = PBXFileReference; fileEncoding = 4; lastKnownFileType = sourcecode.cpp.cpp; path = FString.cpp; sourceTree = "<group>"; };
		0DA25FD5236627C7005AD610 /* RootViewController.mm */ = {isa = PBXFileReference; fileEncoding = 4; lastKnownFileType = sourcecode.cpp.objcpp; path = RootViewController.mm; sourceTree = "<group>"; };
		0DA25FD6236627C7005AD610 /* RecursiveLockWrapper.m */ = {isa = PBXFileReference; fileEncoding = 4; lastKnownFileType = sourcecode.c.objc; path = RecursiveLockWrapper.m; sourceTree = "<group>"; };
		0DA25FD7236627C7005AD610 /* os_core_social.cpp */ = {isa = PBXFileReference; fileEncoding = 4; lastKnownFileType = sourcecode.cpp.cpp; path = os_core_social.cpp; sourceTree = "<group>"; };
		0DA25FD8236627C7005AD610 /* os_core_web.h */ = {isa = PBXFileReference; fileEncoding = 4; lastKnownFileType = sourcecode.c.h; path = os_core_web.h; sourceTree = "<group>"; };
		0DA25FD9236627C7005AD610 /* AppDelegate.h */ = {isa = PBXFileReference; fileEncoding = 4; lastKnownFileType = sourcecode.c.h; path = AppDelegate.h; sourceTree = "<group>"; };
		0DA25FDA236627C7005AD610 /* os_core_music_mac.mm */ = {isa = PBXFileReference; fileEncoding = 4; lastKnownFileType = sourcecode.cpp.objcpp; path = os_core_music_mac.mm; sourceTree = "<group>"; };
		0DA25FDB236627C7005AD610 /* os_core_includes.cpp */ = {isa = PBXFileReference; fileEncoding = 4; lastKnownFileType = sourcecode.cpp.cpp; path = os_core_includes.cpp; sourceTree = "<group>"; };
		0DA25FDC236627C7005AD610 /* os_core_social.h */ = {isa = PBXFileReference; fileEncoding = 4; lastKnownFileType = sourcecode.c.h; path = os_core_social.h; sourceTree = "<group>"; };
		0DA25FDD236627C7005AD610 /* MetalViewController.mm */ = {isa = PBXFileReference; fileEncoding = 4; lastKnownFileType = sourcecode.cpp.objcpp; path = MetalViewController.mm; sourceTree = "<group>"; };
		0DA25FDE236627C7005AD610 /* main.mm */ = {isa = PBXFileReference; fileEncoding = 4; lastKnownFileType = sourcecode.cpp.objcpp; path = main.mm; sourceTree = "<group>"; };
		0DA25FDF236627C7005AD610 /* os_core_sound_mac.mm */ = {isa = PBXFileReference; fileEncoding = 4; lastKnownFileType = sourcecode.cpp.objcpp; path = os_core_sound_mac.mm; sourceTree = "<group>"; };
		0DA25FE0236627C7005AD610 /* RecursiveLockWrapper.h */ = {isa = PBXFileReference; fileEncoding = 4; lastKnownFileType = sourcecode.c.h; path = RecursiveLockWrapper.h; sourceTree = "<group>"; };
		0DA25FE1236627C7005AD610 /* os_core_outlets.h */ = {isa = PBXFileReference; fileEncoding = 4; lastKnownFileType = sourcecode.c.h; path = os_core_outlets.h; sourceTree = "<group>"; };
		0DA25FE2236627C7005AD610 /* PlatformGraphicsInterface.mm */ = {isa = PBXFileReference; fileEncoding = 4; lastKnownFileType = sourcecode.cpp.objcpp; path = PlatformGraphicsInterface.mm; sourceTree = "<group>"; };
		0DA25FE3236627C7005AD610 /* os_core_app_shell.h */ = {isa = PBXFileReference; fileEncoding = 4; lastKnownFileType = sourcecode.c.h; path = os_core_app_shell.h; sourceTree = "<group>"; };
		0DA25FE4236627C7005AD610 /* MetalViewController.h */ = {isa = PBXFileReference; fileEncoding = 4; lastKnownFileType = sourcecode.c.h; path = MetalViewController.h; sourceTree = "<group>"; };
		0DA25FE5236627C7005AD610 /* PlatformGraphicsInterface.hpp */ = {isa = PBXFileReference; fileEncoding = 4; lastKnownFileType = sourcecode.cpp.h; path = PlatformGraphicsInterface.hpp; sourceTree = "<group>"; };
		0DA25FE6236627C7005AD610 /* MetalView.mm */ = {isa = PBXFileReference; fileEncoding = 4; lastKnownFileType = sourcecode.cpp.objcpp; path = MetalView.mm; sourceTree = "<group>"; };
		0DA25FE7236627C7005AD610 /* os_core_web.cpp */ = {isa = PBXFileReference; fileEncoding = 4; lastKnownFileType = sourcecode.cpp.cpp; path = os_core_web.cpp; sourceTree = "<group>"; };
		0DA25FE8236627C7005AD610 /* AppDelegate.mm */ = {isa = PBXFileReference; fileEncoding = 4; lastKnownFileType = sourcecode.cpp.objcpp; path = AppDelegate.mm; sourceTree = "<group>"; };
		0DA25FE9236627C7005AD610 /* os_core_app_shell_mac.mm */ = {isa = PBXFileReference; fileEncoding = 4; lastKnownFileType = sourcecode.cpp.objcpp; path = os_core_app_shell_mac.mm; sourceTree = "<group>"; };
		0DA25FEA236627C7005AD610 /* OSMusicPlayer.h */ = {isa = PBXFileReference; fileEncoding = 4; lastKnownFileType = sourcecode.c.h; path = OSMusicPlayer.h; sourceTree = "<group>"; };
		0DA25FEB236627C7005AD610 /* RootViewController.h */ = {isa = PBXFileReference; fileEncoding = 4; lastKnownFileType = sourcecode.c.h; path = RootViewController.h; sourceTree = "<group>"; };
		0DA25FEC236627C7005AD610 /* MetalView.h */ = {isa = PBXFileReference; fileEncoding = 4; lastKnownFileType = sourcecode.c.h; path = MetalView.h; sourceTree = "<group>"; };
		0DA25FED236627C7005AD610 /* os_core_includes.h */ = {isa = PBXFileReference; fileEncoding = 4; lastKnownFileType = sourcecode.c.h; path = os_core_includes.h; sourceTree = "<group>"; };
		0DA25FEE236627C7005AD610 /* os_core_music.h */ = {isa = PBXFileReference; fileEncoding = 4; lastKnownFileType = sourcecode.c.h; path = os_core_music.h; sourceTree = "<group>"; };
		0DA25FEF236627C7005AD610 /* os_core_sound.h */ = {isa = PBXFileReference; fileEncoding = 4; lastKnownFileType = sourcecode.c.h; path = os_core_sound.h; sourceTree = "<group>"; };
		0DA25FF0236627C7005AD610 /* OSMusicPlayer.mm */ = {isa = PBXFileReference; fileEncoding = 4; lastKnownFileType = sourcecode.cpp.objcpp; path = OSMusicPlayer.mm; sourceTree = "<group>"; };
		0DA25FF1236627C7005AD610 /* os_core_outlets_mac.mm */ = {isa = PBXFileReference; fileEncoding = 4; lastKnownFileType = sourcecode.cpp.objcpp; path = os_core_outlets_mac.mm; sourceTree = "<group>"; };
		0DA2613123662845005AD610 /* AudioToolbox.framework */ = {isa = PBXFileReference; lastKnownFileType = wrapper.framework; name = AudioToolbox.framework; path = System/Library/Frameworks/AudioToolbox.framework; sourceTree = SDKROOT; };
		0DA2613323662867005AD610 /* Metal.framework */ = {isa = PBXFileReference; lastKnownFileType = wrapper.framework; name = Metal.framework; path = System/Library/Frameworks/Metal.framework; sourceTree = SDKROOT; };
		0DA2613423662867005AD610 /* AVFoundation.framework */ = {isa = PBXFileReference; lastKnownFileType = wrapper.framework; name = AVFoundation.framework; path = System/Library/Frameworks/AVFoundation.framework; sourceTree = SDKROOT; };
		0DA2613523662867005AD610 /* Cocoa.framework */ = {isa = PBXFileReference; lastKnownFileType = wrapper.framework; name = Cocoa.framework; path = System/Library/Frameworks/Cocoa.framework; sourceTree = SDKROOT; };
		0DA2613623662867005AD610 /* OpenAL.framework */ = {isa = PBXFileReference; lastKnownFileType = wrapper.framework; name = OpenAL.framework; path = System/Library/Frameworks/OpenAL.framework; sourceTree = SDKROOT; };
		0DA2613723662867005AD610 /* QuartzCore.framework */ = {isa = PBXFileReference; lastKnownFileType = wrapper.framework; name = QuartzCore.framework; path = System/Library/Frameworks/QuartzCore.framework; sourceTree = SDKROOT; };
		0DB8B68E236E7F0400C993E5 /* ProgressBar.hpp */ = {isa = PBXFileReference; fileEncoding = 4; lastKnownFileType = sourcecode.cpp.h; path = ProgressBar.hpp; sourceTree = "<group>"; };
		0DB8B68F236E7F0400C993E5 /* ProgressBar.cpp */ = {isa = PBXFileReference; fileEncoding = 4; lastKnownFileType = sourcecode.cpp.cpp; path = ProgressBar.cpp; sourceTree = "<group>"; };
		0DB8B691236E7F0900C993E5 /* AssetWadGameInterface.cpp */ = {isa = PBXFileReference; fileEncoding = 4; lastKnownFileType = sourcecode.cpp.cpp; path = AssetWadGameInterface.cpp; sourceTree = "<group>"; };
		0DB8B692236E7F0900C993E5 /* AssetWadGameInterface.hpp */ = {isa = PBXFileReference; fileEncoding = 4; lastKnownFileType = sourcecode.cpp.h; path = AssetWadGameInterface.hpp; sourceTree = "<group>"; };
		0DB8F1FA23662DAA00AF587D /* GFXApp.cpp */ = {isa = PBXFileReference; fileEncoding = 4; lastKnownFileType = sourcecode.cpp.cpp; path = GFXApp.cpp; sourceTree = "<group>"; };
		0DB8F1FC23662DAA00AF587D /* GFXApp.hpp */ = {isa = PBXFileReference; fileEncoding = 4; lastKnownFileType = sourcecode.cpp.h; path = GFXApp.hpp; sourceTree = "<group>"; };
		0DB8F1FF2366326E00AF587D /* FloatingCamera.cpp */ = {isa = PBXFileReference; fileEncoding = 4; lastKnownFileType = sourcecode.cpp.cpp; path = FloatingCamera.cpp; sourceTree = "<group>"; };
		0DB8F2002366326E00AF587D /* PhongConfiguration.hpp */ = {isa = PBXFileReference; fileEncoding = 4; lastKnownFileType = sourcecode.cpp.h; path = PhongConfiguration.hpp; sourceTree = "<group>"; };
		0DB8F2012366326E00AF587D /* PhongConfiguration.cpp */ = {isa = PBXFileReference; fileEncoding = 4; lastKnownFileType = sourcecode.cpp.cpp; path = PhongConfiguration.cpp; sourceTree = "<group>"; };
		0DB8F2022366326E00AF587D /* FloatingCamera.hpp */ = {isa = PBXFileReference; fileEncoding = 4; lastKnownFileType = sourcecode.cpp.h; path = FloatingCamera.hpp; sourceTree = "<group>"; };
		0DB8F205236633E200AF587D /* LandingScene.cpp */ = {isa = PBXFileReference; lastKnownFileType = sourcecode.cpp.cpp; path = LandingScene.cpp; sourceTree = "<group>"; };
		0DB8F206236633E200AF587D /* LandingScene.hpp */ = {isa = PBXFileReference; lastKnownFileType = sourcecode.cpp.h; path = LandingScene.hpp; sourceTree = "<group>"; };
		0DF714872365134D00BD573D /* Mac.app */ = {isa = PBXFileReference; explicitFileType = wrapper.application; includeInIndex = 0; path = Mac.app; sourceTree = BUILT_PRODUCTS_DIR; };
		0DF714952365134E00BD573D /* Info.plist */ = {isa = PBXFileReference; lastKnownFileType = text.plist.xml; path = Info.plist; sourceTree = "<group>"; };
		0DF714982365134E00BD573D /* Mac.entitlements */ = {isa = PBXFileReference; lastKnownFileType = text.plist.entitlements; path = Mac.entitlements; sourceTree = "<group>"; };
/* End PBXFileReference section */

/* Begin PBXFrameworksBuildPhase section */
		0DF714842365134D00BD573D /* Frameworks */ = {
			isa = PBXFrameworksBuildPhase;
			buildActionMask = 2147483647;
			files = (
				0DA2613A23662867005AD610 /* Cocoa.framework in Frameworks */,
				0DA2613823662867005AD610 /* Metal.framework in Frameworks */,
				0DA2613C23662867005AD610 /* QuartzCore.framework in Frameworks */,
				0DA2613223662845005AD610 /* AudioToolbox.framework in Frameworks */,
				0DA2613B23662867005AD610 /* OpenAL.framework in Frameworks */,
				0DA2613923662867005AD610 /* AVFoundation.framework in Frameworks */,
			);
			runOnlyForDeploymentPostprocessing = 0;
		};
/* End PBXFrameworksBuildPhase section */

/* Begin PBXGroup section */
		0DA25F0E236627C7005AD610 /* Framework */ = {
			isa = PBXGroup;
			children = (
				0DA25F0F236627C7005AD610 /* [Metal] */,
				0DA25F23236627C7005AD610 /* [C++ Core] */,
				0DA25FD4236627C7005AD610 /* [Mac] */,
			);
			name = Framework;
			path = ../Framework;
			sourceTree = "<group>";
		};
		0DA25F0F236627C7005AD610 /* [Metal] */ = {
			isa = PBXGroup;
			children = (
				0DA25F1D236627C7005AD610 /* BufferBindingWrapper.h */,
				0DA25F10236627C7005AD610 /* BufferBindingWrapper.mm */,
				0DA25F1F236627C7005AD610 /* MetalEngine.h */,
				0DA25F21236627C7005AD610 /* MetalEngine.mm */,
				0DA25F13236627C7005AD610 /* MetalPipeline.h */,
				0DA25F22236627C7005AD610 /* MetalPipeline.mm */,
				0DA25F20236627C7005AD610 /* os_core_graphics.h */,
				0DA25F11236627C7005AD610 /* os_core_graphics.mm */,
				0DA25F14236627C7005AD610 /* Shaders */,
				0DA25F12236627C7005AD610 /* TextureBindingWrapper.h */,
				0DA25F1E236627C7005AD610 /* TextureBindingWrapper.mm */,
			);
			path = "[Metal]";
			sourceTree = "<group>";
		};
		0DA25F14236627C7005AD610 /* Shaders */ = {
			isa = PBXGroup;
			children = (
				0DA25F1A236627C7005AD610 /* ModelShaders.metal */,
				0DA25F18236627C7005AD610 /* PhongShaders.metal */,
				0DA25F17236627C7005AD610 /* ShaderTypes.h */,
				0DA25F19236627C7005AD610 /* Shape2DShaders.metal */,
				0DA25F15236627C7005AD610 /* Shape3DShaders.metal */,
				0DA25F16236627C7005AD610 /* ShapeNodeShaders.metal */,
				0DA25F1C236627C7005AD610 /* SimpleModelShaders.metal */,
				0DA25F1B236627C7005AD610 /* SpriteShaders.metal */,
			);
			path = Shaders;
			sourceTree = "<group>";
		};
		0DA25F23236627C7005AD610 /* [C++ Core] */ = {
			isa = PBXGroup;
			children = (
				0DA25F8E236627C7005AD610 /* [[Tools]] */,
				0DA25FD0236627C7005AD610 /* core_app_shell.cpp */,
				0DA25F47236627C7005AD610 /* core_app_shell.hpp */,
				0DA25F6F236627C7005AD610 /* core_includes.h */,
				0DA25F57236627C7005AD610 /* core_social.cpp */,
				0DA25F40236627C7005AD610 /* core_social.h */,
				0DA25F5A236627C7005AD610 /* core_web.cpp */,
				0DA25F49236627C7005AD610 /* core_web.h */,
				0DA25F3C236627C7005AD610 /* FAchievement.cpp */,
				0DA25FCC236627C7005AD610 /* FAchievement.hpp */,
				0DA25F60236627C7005AD610 /* FAnimation.cpp */,
				0DA25F7E236627C7005AD610 /* FAnimation.hpp */,
				0DA25FC9236627C7005AD610 /* FApp.cpp */,
				0DA25F42236627C7005AD610 /* FApp.hpp */,
				0DA25F76236627C7005AD610 /* FAssetResolutionConfigurator.cpp */,
				0DA25F58236627C7005AD610 /* FAssetResolutionConfigurator.hpp */,
				0DA25F35236627C7005AD610 /* FAssetWad.cpp */,
				0DA25FC3236627C7005AD610 /* FAssetWad.hpp */,
				0DA25FC8236627C7005AD610 /* FBuffer.cpp */,
				0DA25F3A236627C7005AD610 /* FBuffer.hpp */,
				0DA25F3F236627C7005AD610 /* FBufferCache.cpp */,
				0DA25FCA236627C7005AD610 /* FBufferCache.hpp */,
				0DA25F7A236627C7005AD610 /* FButton.cpp */,
				0DA25F5F236627C7005AD610 /* FButton.hpp */,
				0DA25F78236627C7005AD610 /* FCanvas.cpp */,
				0DA25F5B236627C7005AD610 /* FCanvas.hpp */,
				0DA25F71236627C7005AD610 /* FColor.cpp */,
				0DA25F52236627C7005AD610 /* FColor.hpp */,
				0DA25F5C236627C7005AD610 /* FDrawQuad.cpp */,
				0DA25F77236627C7005AD610 /* FDrawQuad.hpp */,
				0DA25FC7236627C7005AD610 /* FFile.cpp */,
				0DA25F3B236627C7005AD610 /* FFile.hpp */,
				0DA25F6D236627C7005AD610 /* FFileTable.cpp */,
				0DA25F4D236627C7005AD610 /* FFileTable.hpp */,
				0DA25F41236627C7005AD610 /* FFloatBufferCache.cpp */,
				0DA25FCB236627C7005AD610 /* FFloatBufferCache.hpp */,
				0DA25FC1236627C7005AD610 /* FFloatList.cpp */,
				0DA25F33236627C7005AD610 /* FFloatList.hpp */,
				0DA25F37236627C7005AD610 /* FFont.cpp */,
				0DA25FC5236627C7005AD610 /* FFont.hpp */,
				0DA25F64236627C7005AD610 /* FGestureCanvas.cpp */,
				0DA25F80236627C7005AD610 /* FGestureCanvas.hpp */,
				0DA25F24236627C7005AD610 /* FHashMap.cpp */,
				0DA25F87236627C7005AD610 /* FHashMap.hpp */,
				0DA25F86236627C7005AD610 /* FImage.cpp */,
				0DA25F25236627C7005AD610 /* FImage.hpp */,
				0DA25F36236627C7005AD610 /* FImageBundler.cpp */,
				0DA25F45236627C7005AD610 /* FImageBundler.h */,
				0DA25F65236627C7005AD610 /* FIndexBufferCache.cpp */,
				0DA25F81236627C7005AD610 /* FIndexBufferCache.hpp */,
				0DA25F8D236627C7005AD610 /* FIndexList.cpp */,
				0DA25F2B236627C7005AD610 /* FIndexList.hpp */,
				0DA25F2D236627C7005AD610 /* FIntList.cpp */,
				0DA25FBB236627C7005AD610 /* FIntList.hpp */,
				0DA25F53236627C7005AD610 /* FJoystick.cpp */,
				0DA25F8A236627C7005AD610 /* FJoystick.h */,
				0DA25F72236627C7005AD610 /* FJSON.cpp */,
				0DA25F54236627C7005AD610 /* FJSON.hpp */,
				0DA25F7B236627C7005AD610 /* FLight.cpp */,
				0DA25F5E236627C7005AD610 /* FLight.hpp */,
				0DA25F67236627C7005AD610 /* FLine.cpp */,
				0DA25F85236627C7005AD610 /* FLine.hpp */,
				0DA25FC2236627C7005AD610 /* FList.cpp */,
				0DA25F34236627C7005AD610 /* FList.hpp */,
				0DA25F3E236627C7005AD610 /* FMath.cpp */,
				0DA25FCD236627C7005AD610 /* FMath.hpp */,
				0DA25F44236627C7005AD610 /* FMatrix.cpp */,
				0DA25FD2236627C7005AD610 /* FMatrix.hpp */,
				0DA25F2A236627C7005AD610 /* FModelData.cpp */,
				0DA25F30236627C7005AD610 /* FModelData.h */,
				0DA25F6C236627C7005AD610 /* FModelDataPacked.cpp */,
				0DA25F4F236627C7005AD610 /* FModelDataPacked.hpp */,
				0DA25FC4236627C7005AD610 /* FModelDataPackedSequence.cpp */,
				0DA25F38236627C7005AD610 /* FModelDataPackedSequence.hpp */,
				0DA25FCF236627C7005AD610 /* FNotificationCenter.cpp */,
				0DA25F43236627C7005AD610 /* FNotificationCenter.hpp */,
				0DA25F8C236627C7005AD610 /* FObject.cpp */,
				0DA25F26236627C7005AD610 /* FObject.hpp */,
				0DA25F7F236627C7005AD610 /* FParticle.cpp */,
				0DA25F63236627C7005AD610 /* FParticle.hpp */,
				0DA25F89236627C7005AD610 /* FPointList.cpp */,
				0DA25F28236627C7005AD610 /* FPointList.hpp */,
				0DA25FBD236627C7005AD610 /* FPolyPath.cpp */,
				0DA25F2F236627C7005AD610 /* FPolyPath.hpp */,
				0DA25F46236627C7005AD610 /* FPrimitive.cpp */,
				0DA25FD1236627C7005AD610 /* FPrimitive.hpp */,
				0DA25F32236627C7005AD610 /* FQuad.cpp */,
				0DA25FBF236627C7005AD610 /* FQuad.hpp */,
				0DA25F6A236627C7005AD610 /* FRandomizer.cpp */,
				0DA25F4C236627C7005AD610 /* FRandomizer.hpp */,
				0DA25FC0236627C7005AD610 /* FRect.cpp */,
				0DA25F31236627C7005AD610 /* FRect.hpp */,
				0DA25F6B236627C7005AD610 /* FResource.cpp */,
				0DA25F4E236627C7005AD610 /* FResource.hpp */,
				0DA25F6E236627C7005AD610 /* FScrollCanvas.cpp */,
				0DA25F51236627C7005AD610 /* FScrollCanvas.hpp */,
				0DA25F56236627C7005AD610 /* FScrollCanvasPaged.cpp */,
				0DA25F73236627C7005AD610 /* FScrollCanvasPaged.hpp */,
				0DA25F69236627C7005AD610 /* FSize.cpp */,
				0DA25F4B236627C7005AD610 /* FSize.hpp */,
				0DA25F50236627C7005AD610 /* FSlider.cpp */,
				0DA25F70236627C7005AD610 /* FSlider.hpp */,
				0DA25F4A236627C7005AD610 /* FSound.cpp */,
				0DA25F68236627C7005AD610 /* FSound.hpp */,
				0DA25F66236627C7005AD610 /* FSpline.cpp */,
				0DA25F84236627C7005AD610 /* FSpline.hpp */,
				0DA25F8B236627C7005AD610 /* FSprite.cpp */,
				0DA25F29236627C7005AD610 /* FSprite.hpp */,
				0DA25F83236627C7005AD610 /* FSpriteSequence.cpp */,
				0DA25FCE236627C7005AD610 /* FSpriteSequence.h */,
				0DA25FD3236627C7005AD610 /* FString.cpp */,
				0DA25F48236627C7005AD610 /* FString.hpp */,
				0DA25F61236627C7005AD610 /* FTexture.cpp */,
				0DA25F7D236627C7005AD610 /* FTexture.hpp */,
				0DA25F27236627C7005AD610 /* FTextureCache.cpp */,
				0DA25F88236627C7005AD610 /* FTextureCache.hpp */,
				0DA25F39236627C7005AD610 /* FTouchManager.cpp */,
				0DA25FC6236627C7005AD610 /* FTouchManager.hpp */,
				0DA25FBE236627C7005AD610 /* FUniforms.cpp */,
				0DA25F2E236627C7005AD610 /* FUniforms.hpp */,
				0DA25F75236627C7005AD610 /* FVec2.cpp */,
				0DA25F59236627C7005AD610 /* FVec2.hpp */,
				0DA25F74236627C7005AD610 /* FVec3.cpp */,
				0DA25F55236627C7005AD610 /* FVec3.hpp */,
				0DA25F3D236627C7005AD610 /* FVertexBuffer.cpp */,
				0DA25F82236627C7005AD610 /* FVertexBuffer.h */,
				0DA25FBC236627C7005AD610 /* FWindow.cpp */,
				0DA25F2C236627C7005AD610 /* FWindow.hpp */,
				0DA25F7C236627C7005AD610 /* FXML.cpp */,
				0DA25F5D236627C7005AD610 /* FXML.hpp */,
				0DA25F79236627C7005AD610 /* GraphicsInterface.cpp */,
				0DA25F62236627C7005AD610 /* GraphicsInterface.hpp */,
			);
			path = "[C++ Core]";
			sourceTree = "<group>";
		};
		0DA25F8E236627C7005AD610 /* [[Tools]] */ = {
			isa = PBXGroup;
			children = (
				0DA25FA6236627C7005AD610 /* DragableCanvas.cpp */,
				0DA25F9C236627C7005AD610 /* DragableCanvas.hpp */,
				0DA25FAA236627C7005AD610 /* ToolMenu.cpp */,
				0DA25FA0236627C7005AD610 /* ToolMenu.hpp */,
				0DA25F9E236627C7005AD610 /* ToolMenuHeader.cpp */,
				0DA25FA8236627C7005AD610 /* ToolMenuHeader.hpp */,
				0DA25FBA236627C7005AD610 /* ToolMenuPanel.cpp */,
				0DA25F99236627C7005AD610 /* ToolMenuPanel.hpp */,
				0DA25FB0236627C7005AD610 /* ToolMenuPanelHeader.cpp */,
				0DA25F90236627C7005AD610 /* ToolMenuPanelHeader.hpp */,
				0DA25FA9236627C7005AD610 /* ToolMenuSection.cpp */,
				0DA25F9F236627C7005AD610 /* ToolMenuSection.hpp */,
				0DA25FA2236627C7005AD610 /* ToolMenuSectionRow.cpp */,
				0DA25FAC236627C7005AD610 /* ToolMenuSectionRow.hpp */,
				0DA25F9B236627C7005AD610 /* UIAlignmentPicker.cpp */,
				0DA25FA5236627C7005AD610 /* UIAlignmentPicker.hpp */,
				0DA25F9D236627C7005AD610 /* UIAlignmentPickerButton.cpp */,
				0DA25FA7236627C7005AD610 /* UIAlignmentPickerButton.hpp */,
				0DA25F96236627C7005AD610 /* UIButton.cpp */,
				0DA25FB6236627C7005AD610 /* UIButton.hpp */,
				0DA25F9A236627C7005AD610 /* UICheckBox.cpp */,
				0DA25FA4236627C7005AD610 /* UICheckBox.hpp */,
				0DA25F92236627C7005AD610 /* UIElement.cpp */,
				0DA25FB2236627C7005AD610 /* UIElement.hpp */,
				0DA25FAD236627C7005AD610 /* UIImagePicker.cpp */,
				0DA25FA3236627C7005AD610 /* UIImagePicker.hpp */,
				0DA25FB7236627C7005AD610 /* UIImagePickerCell.cpp */,
				0DA25F97236627C7005AD610 /* UIImagePickerCell.hpp */,
				0DA25F91236627C7005AD610 /* UILabel.cpp */,
				0DA25FB1236627C7005AD610 /* UILabel.hpp */,
				0DA25FAB236627C7005AD610 /* UIRoundedRect.cpp */,
				0DA25FA1236627C7005AD610 /* UIRoundedRect.hpp */,
				0DA25F94236627C7005AD610 /* UISegment.cpp */,
				0DA25FB3236627C7005AD610 /* UISegment.hpp */,
				0DA25F98236627C7005AD610 /* UISegmentButton.cpp */,
				0DA25FB8236627C7005AD610 /* UISegmentButton.hpp */,
				0DA25FB5236627C7005AD610 /* UISlider.cpp */,
				0DA25F93236627C7005AD610 /* UISlider.hpp */,
				0DA25FAF236627C7005AD610 /* UIStepper.cpp */,
				0DA25F8F236627C7005AD610 /* UIStepper.hpp */,
				0DA25F95236627C7005AD610 /* UITextBox.cpp */,
				0DA25FB4236627C7005AD610 /* UITextBox.hpp */,
				0DA25FAE236627C7005AD610 /* Util_ScreenFrame.cpp */,
				0DA25FB9236627C7005AD610 /* Util_ScreenFrame.h */,
			);
			path = "[[Tools]]";
			sourceTree = "<group>";
		};
		0DA25FD4236627C7005AD610 /* [Mac] */ = {
			isa = PBXGroup;
			children = (
				0DA25FD9236627C7005AD610 /* AppDelegate.h */,
				0DA25FE8236627C7005AD610 /* AppDelegate.mm */,
				0DA25FDE236627C7005AD610 /* main.mm */,
				0DA25FEC236627C7005AD610 /* MetalView.h */,
				0DA25FE6236627C7005AD610 /* MetalView.mm */,
				0DA25FE4236627C7005AD610 /* MetalViewController.h */,
				0DA25FDD236627C7005AD610 /* MetalViewController.mm */,
				0DA25FE9236627C7005AD610 /* os_core_app_shell_mac.mm */,
				0DA25FE3236627C7005AD610 /* os_core_app_shell.h */,
				0DA25FDB236627C7005AD610 /* os_core_includes.cpp */,
				0DA25FED236627C7005AD610 /* os_core_includes.h */,
				0DA25FDA236627C7005AD610 /* os_core_music_mac.mm */,
				0DA25FEE236627C7005AD610 /* os_core_music.h */,
				0DA25FF1236627C7005AD610 /* os_core_outlets_mac.mm */,
				0DA25FE1236627C7005AD610 /* os_core_outlets.h */,
				0DA25FD7236627C7005AD610 /* os_core_social.cpp */,
				0DA25FDC236627C7005AD610 /* os_core_social.h */,
				0DA25FDF236627C7005AD610 /* os_core_sound_mac.mm */,
				0DA25FEF236627C7005AD610 /* os_core_sound.h */,
				0DA25FE7236627C7005AD610 /* os_core_web.cpp */,
				0DA25FD8236627C7005AD610 /* os_core_web.h */,
				0DA25FEA236627C7005AD610 /* OSMusicPlayer.h */,
				0DA25FF0236627C7005AD610 /* OSMusicPlayer.mm */,
				0DA25FE5236627C7005AD610 /* PlatformGraphicsInterface.hpp */,
				0DA25FE2236627C7005AD610 /* PlatformGraphicsInterface.mm */,
				0DA25FE0236627C7005AD610 /* RecursiveLockWrapper.h */,
				0DA25FD6236627C7005AD610 /* RecursiveLockWrapper.m */,
				0DA25FEB236627C7005AD610 /* RootViewController.h */,
				0DA25FD5236627C7005AD610 /* RootViewController.mm */,
			);
			path = "[Mac]";
			sourceTree = "<group>";
		};
		0DA2613023662845005AD610 /* Frameworks */ = {
			isa = PBXGroup;
			children = (
				0DA2613423662867005AD610 /* AVFoundation.framework */,
				0DA2613523662867005AD610 /* Cocoa.framework */,
				0DA2613323662867005AD610 /* Metal.framework */,
				0DA2613623662867005AD610 /* OpenAL.framework */,
				0DA2613723662867005AD610 /* QuartzCore.framework */,
				0DA2613123662845005AD610 /* AudioToolbox.framework */,
			);
			name = Frameworks;
			sourceTree = "<group>";
		};
		0DB8F1F823662DAA00AF587D /* Classes */ = {
			isa = PBXGroup;
			children = (
				0DB8B691236E7F0900C993E5 /* AssetWadGameInterface.cpp */,
				0DB8B692236E7F0900C993E5 /* AssetWadGameInterface.hpp */,
				0DB8B68F236E7F0400C993E5 /* ProgressBar.cpp */,
				0DB8B68E236E7F0400C993E5 /* ProgressBar.hpp */,
				0DB8F1FF2366326E00AF587D /* FloatingCamera.cpp */,
				0DB8F2022366326E00AF587D /* FloatingCamera.hpp */,
				0DB8F2012366326E00AF587D /* PhongConfiguration.cpp */,
				0DB8F2002366326E00AF587D /* PhongConfiguration.hpp */,
				0DB8F1FA23662DAA00AF587D /* GFXApp.cpp */,
				0DB8F1FC23662DAA00AF587D /* GFXApp.hpp */,
				0DB8F205236633E200AF587D /* LandingScene.cpp */,
				0DB8F206236633E200AF587D /* LandingScene.hpp */,
			);
			name = Classes;
			path = ../Classes;
			sourceTree = "<group>";
		};
		0DF7147E2365134D00BD573D = {
			isa = PBXGroup;
			children = (
				0DB8F1F823662DAA00AF587D /* Classes */,
				0DA25F0E236627C7005AD610 /* Framework */,
				0DF714892365134D00BD573D /* Mac */,
				0DF714882365134D00BD573D /* Products */,
				0DA2613023662845005AD610 /* Frameworks */,
			);
			sourceTree = "<group>";
		};
		0DF714882365134D00BD573D /* Products */ = {
			isa = PBXGroup;
			children = (
				0DF714872365134D00BD573D /* Mac.app */,
			);
			name = Products;
			sourceTree = "<group>";
		};
		0DF714892365134D00BD573D /* Mac */ = {
			isa = PBXGroup;
			children = (
				0DF714952365134E00BD573D /* Info.plist */,
				0DF714982365134E00BD573D /* Mac.entitlements */,
			);
			path = Mac;
			sourceTree = "<group>";
		};
/* End PBXGroup section */

/* Begin PBXNativeTarget section */
		0DF714862365134D00BD573D /* Mac */ = {
			isa = PBXNativeTarget;
			buildConfigurationList = 0DF7149B2365134E00BD573D /* Build configuration list for PBXNativeTarget "Mac" */;
			buildPhases = (
				0DF714832365134D00BD573D /* Sources */,
				0DF714842365134D00BD573D /* Frameworks */,
				0DF714852365134D00BD573D /* Resources */,
			);
			buildRules = (
			);
			dependencies = (
			);
			name = Mac;
			productName = Mac;
			productReference = 0DF714872365134D00BD573D /* Mac.app */;
			productType = "com.apple.product-type.application";
		};
/* End PBXNativeTarget section */

/* Begin PBXProject section */
		0DF7147F2365134D00BD573D /* Project object */ = {
			isa = PBXProject;
			attributes = {
				LastUpgradeCheck = 1100;
				ORGANIZATIONNAME = "Nick Raptis";
				TargetAttributes = {
					0DF714862365134D00BD573D = {
						CreatedOnToolsVersion = 11.0;
					};
				};
			};
			buildConfigurationList = 0DF714822365134D00BD573D /* Build configuration list for PBXProject "Mac" */;
			compatibilityVersion = "Xcode 9.3";
			developmentRegion = en;
			hasScannedForEncodings = 0;
			knownRegions = (
				en,
				Base,
			);
			mainGroup = 0DF7147E2365134D00BD573D;
			productRefGroup = 0DF714882365134D00BD573D /* Products */;
			projectDirPath = "";
			projectRoot = "";
			targets = (
				0DF714862365134D00BD573D /* Mac */,
			);
		};
/* End PBXProject section */

/* Begin PBXResourcesBuildPhase section */
		0DF714852365134D00BD573D /* Resources */ = {
			isa = PBXResourcesBuildPhase;
			buildActionMask = 2147483647;
			files = (
			);
			runOnlyForDeploymentPostprocessing = 0;
		};
/* End PBXResourcesBuildPhase section */

/* Begin PBXSourcesBuildPhase section */
		0DF714832365134D00BD573D /* Sources */ = {
			isa = PBXSourcesBuildPhase;
			buildActionMask = 2147483647;
			files = (
				0DA260B6236627C7005AD610 /* UISegment.cpp in Sources */,
				0DA26078236627C7005AD610 /* PhongShaders.metal in Sources */,
				0DA2609D236627C7005AD610 /* FSize.cpp in Sources */,
				0DA2607D236627C7005AD610 /* TextureBindingWrapper.mm in Sources */,
				0DA260CA236627C7005AD610 /* FWindow.cpp in Sources */,
				0DA260DD236627C7005AD610 /* main.mm in Sources */,
				0DA260D1236627C7005AD610 /* FFile.cpp in Sources */,
				0DA2607B236627C7005AD610 /* SpriteShaders.metal in Sources */,
				0DA260DB236627C7005AD610 /* os_core_includes.cpp in Sources */,
				0DB8F1FE23662DAA00AF587D /* GFXApp.cpp in Sources */,
				0DA260B0236627C7005AD610 /* FPointList.cpp in Sources */,
				0DA260C8236627C7005AD610 /* UIImagePickerCell.cpp in Sources */,
				0DA260E4236627C7005AD610 /* OSMusicPlayer.mm in Sources */,
				0DA260CE236627C7005AD610 /* FFloatList.cpp in Sources */,
				0DA26098236627C7005AD610 /* FTexture.cpp in Sources */,
				0DA260D9236627C7005AD610 /* os_core_social.cpp in Sources */,
				0DA26077236627C7005AD610 /* ShapeNodeShaders.metal in Sources */,
				0DA260CD236627C7005AD610 /* FRect.cpp in Sources */,
				0DA26079236627C7005AD610 /* Shape2DShaders.metal in Sources */,
				0DB8B690236E7F0400C993E5 /* ProgressBar.cpp in Sources */,
				0DA260BE236627C7005AD610 /* ToolMenuSectionRow.cpp in Sources */,
				0DB8F2042366326F00AF587D /* PhongConfiguration.cpp in Sources */,
				0DA260D2236627C7005AD610 /* FBuffer.cpp in Sources */,
				0DA260DF236627C7005AD610 /* PlatformGraphicsInterface.mm in Sources */,
				0DA26097236627C7005AD610 /* FAnimation.cpp in Sources */,
				0DA260E1236627C7005AD610 /* os_core_web.cpp in Sources */,
				0DA260C3236627C7005AD610 /* UIImagePicker.cpp in Sources */,
				0DA260D8236627C7005AD610 /* RecursiveLockWrapper.m in Sources */,
				0DA260C6236627C7005AD610 /* ToolMenuPanelHeader.cpp in Sources */,
				0DA26093236627C7005AD610 /* FScrollCanvasPaged.cpp in Sources */,
				0DA2608F236627C7005AD610 /* FPrimitive.cpp in Sources */,
				0DA26075236627C7005AD610 /* os_core_graphics.mm in Sources */,
				0DA26087236627C7005AD610 /* FFont.cpp in Sources */,
				0DA260BC236627C7005AD610 /* UIAlignmentPickerButton.cpp in Sources */,
				0DA26076236627C7005AD610 /* Shape3DShaders.metal in Sources */,
				0DA260E2236627C7005AD610 /* AppDelegate.mm in Sources */,
				0DA2608D236627C7005AD610 /* FFloatBufferCache.cpp in Sources */,
				0DB8F2032366326F00AF587D /* FloatingCamera.cpp in Sources */,
				0DA26081236627C7005AD610 /* FTextureCache.cpp in Sources */,
				0DA260C4236627C7005AD610 /* Util_ScreenFrame.cpp in Sources */,
				0DA260D0236627C7005AD610 /* FModelDataPackedSequence.cpp in Sources */,
				0DA26086236627C7005AD610 /* FImageBundler.cpp in Sources */,
				0DA260DC236627C7005AD610 /* MetalViewController.mm in Sources */,
				0DB8F207236633E200AF587D /* LandingScene.cpp in Sources */,
				0DA260A7236627C7005AD610 /* FAssetResolutionConfigurator.cpp in Sources */,
				0DA26074236627C7005AD610 /* BufferBindingWrapper.mm in Sources */,
				0DA260C5236627C7005AD610 /* UIStepper.cpp in Sources */,
				0DA2607F236627C7005AD610 /* MetalPipeline.mm in Sources */,
				0DA260B1236627C7005AD610 /* FSprite.cpp in Sources */,
				0DA260B8236627C7005AD610 /* UIButton.cpp in Sources */,
				0DA2609F236627C7005AD610 /* FResource.cpp in Sources */,
				0DA2609A236627C7005AD610 /* FIndexBufferCache.cpp in Sources */,
				0DA260A2236627C7005AD610 /* FScrollCanvas.cpp in Sources */,
				0DA260B5236627C7005AD610 /* UIElement.cpp in Sources */,
				0DA26094236627C7005AD610 /* core_social.cpp in Sources */,
				0DA260A3236627C7005AD610 /* FColor.cpp in Sources */,
				0DA260AD236627C7005AD610 /* FParticle.cpp in Sources */,
				0DA26095236627C7005AD610 /* core_web.cpp in Sources */,
				0DA260C7236627C7005AD610 /* UISlider.cpp in Sources */,
				0DA26091236627C7005AD610 /* FSlider.cpp in Sources */,
				0DA260E0236627C7005AD610 /* MetalView.mm in Sources */,
				0DA26090236627C7005AD610 /* FSound.cpp in Sources */,
				0DA260E3236627C7005AD610 /* os_core_app_shell_mac.mm in Sources */,
				0DA26088236627C7005AD610 /* FTouchManager.cpp in Sources */,
				0DA260A0236627C7005AD610 /* FModelDataPacked.cpp in Sources */,
				0DA2608E236627C7005AD610 /* FMatrix.cpp in Sources */,
				0DA260BF236627C7005AD610 /* DragableCanvas.cpp in Sources */,
				0DA26099236627C7005AD610 /* FGestureCanvas.cpp in Sources */,
				0DA260B3236627C7005AD610 /* FIndexList.cpp in Sources */,
				0DA260AA236627C7005AD610 /* FButton.cpp in Sources */,
				0DA26084236627C7005AD610 /* FQuad.cpp in Sources */,
				0DA26092236627C7005AD610 /* FJoystick.cpp in Sources */,
				0DA260BA236627C7005AD610 /* UICheckBox.cpp in Sources */,
				0DB8B693236E7F0900C993E5 /* AssetWadGameInterface.cpp in Sources */,
				0DA260CF236627C7005AD610 /* FList.cpp in Sources */,
				0DA26089236627C7005AD610 /* FAchievement.cpp in Sources */,
				0DA260BD236627C7005AD610 /* ToolMenuHeader.cpp in Sources */,
				0DA260A9236627C7005AD610 /* GraphicsInterface.cpp in Sources */,
				0DA260BB236627C7005AD610 /* UIAlignmentPicker.cpp in Sources */,
				0DA260E5236627C7005AD610 /* os_core_outlets_mac.mm in Sources */,
				0DA260D3236627C7005AD610 /* FApp.cpp in Sources */,
				0DA260A5236627C7005AD610 /* FVec3.cpp in Sources */,
				0DA260DE236627C7005AD610 /* os_core_sound_mac.mm in Sources */,
				0DA260A6236627C7005AD610 /* FVec2.cpp in Sources */,
				0DA260CC236627C7005AD610 /* FUniforms.cpp in Sources */,
				0DA2608C236627C7005AD610 /* FBufferCache.cpp in Sources */,
				0DA260C2236627C7005AD610 /* UIRoundedRect.cpp in Sources */,
				0DA260AE236627C7005AD610 /* FSpriteSequence.cpp in Sources */,
				0DA260D5236627C7005AD610 /* core_app_shell.cpp in Sources */,
				0DA26096236627C7005AD610 /* FDrawQuad.cpp in Sources */,
				0DA26082236627C7005AD610 /* FModelData.cpp in Sources */,
				0DA260DA236627C7005AD610 /* os_core_music_mac.mm in Sources */,
				0DA26083236627C7005AD610 /* FIntList.cpp in Sources */,
				0DA260B9236627C7005AD610 /* UISegmentButton.cpp in Sources */,
				0DA2607C236627C7005AD610 /* SimpleModelShaders.metal in Sources */,
				0DA260B2236627C7005AD610 /* FObject.cpp in Sources */,
				0DA260A8236627C7005AD610 /* FCanvas.cpp in Sources */,
				0DA260C9236627C7005AD610 /* ToolMenuPanel.cpp in Sources */,
				0DA260D7236627C7005AD610 /* RootViewController.mm in Sources */,
				0DA260AC236627C7005AD610 /* FXML.cpp in Sources */,
				0DA26080236627C7005AD610 /* FHashMap.cpp in Sources */,
				0DA260AF236627C7005AD610 /* FImage.cpp in Sources */,
				0DA2608A236627C7005AD610 /* FVertexBuffer.cpp in Sources */,
				0DA2609B236627C7005AD610 /* FSpline.cpp in Sources */,
				0DA260D4236627C7005AD610 /* FNotificationCenter.cpp in Sources */,
				0DA260C0236627C7005AD610 /* ToolMenuSection.cpp in Sources */,
				0DA260D6236627C7005AD610 /* FString.cpp in Sources */,
				0DA2607A236627C7005AD610 /* ModelShaders.metal in Sources */,
				0DA260CB236627C7005AD610 /* FPolyPath.cpp in Sources */,
				0DA260AB236627C7005AD610 /* FLight.cpp in Sources */,
				0DA2608B236627C7005AD610 /* FMath.cpp in Sources */,
				0DA2609C236627C7005AD610 /* FLine.cpp in Sources */,
				0DA26085236627C7005AD610 /* FAssetWad.cpp in Sources */,
				0DA260A4236627C7005AD610 /* FJSON.cpp in Sources */,
				0DA2607E236627C7005AD610 /* MetalEngine.mm in Sources */,
				0DA260B7236627C7005AD610 /* UITextBox.cpp in Sources */,
				0DA2609E236627C7005AD610 /* FRandomizer.cpp in Sources */,
				0DA260C1236627C7005AD610 /* ToolMenu.cpp in Sources */,
				0DA260A1236627C7005AD610 /* FFileTable.cpp in Sources */,
				0DA260B4236627C7005AD610 /* UILabel.cpp in Sources */,
			);
			runOnlyForDeploymentPostprocessing = 0;
		};
/* End PBXSourcesBuildPhase section */

/* Begin XCBuildConfiguration section */
		0DF714992365134E00BD573D /* Debug */ = {
			isa = XCBuildConfiguration;
			buildSettings = {
				ALWAYS_SEARCH_USER_PATHS = NO;
				CLANG_ANALYZER_NONNULL = YES;
				CLANG_ANALYZER_NUMBER_OBJECT_CONVERSION = YES_AGGRESSIVE;
				CLANG_CXX_LANGUAGE_STANDARD = "gnu++14";
				CLANG_CXX_LIBRARY = "libc++";
				CLANG_ENABLE_MODULES = YES;
				CLANG_ENABLE_OBJC_ARC = YES;
				CLANG_ENABLE_OBJC_WEAK = YES;
				CLANG_WARN_BLOCK_CAPTURE_AUTORELEASING = YES;
				CLANG_WARN_BOOL_CONVERSION = YES;
				CLANG_WARN_COMMA = YES;
				CLANG_WARN_CONSTANT_CONVERSION = YES;
				CLANG_WARN_DEPRECATED_OBJC_IMPLEMENTATIONS = YES;
				CLANG_WARN_DIRECT_OBJC_ISA_USAGE = YES_ERROR;
				CLANG_WARN_DOCUMENTATION_COMMENTS = YES;
				CLANG_WARN_EMPTY_BODY = YES;
				CLANG_WARN_ENUM_CONVERSION = YES;
				CLANG_WARN_INFINITE_RECURSION = YES;
				CLANG_WARN_INT_CONVERSION = YES;
				CLANG_WARN_NON_LITERAL_NULL_CONVERSION = YES;
				CLANG_WARN_OBJC_IMPLICIT_RETAIN_SELF = YES;
				CLANG_WARN_OBJC_LITERAL_CONVERSION = YES;
				CLANG_WARN_OBJC_ROOT_CLASS = YES_ERROR;
				CLANG_WARN_RANGE_LOOP_ANALYSIS = YES;
				CLANG_WARN_STRICT_PROTOTYPES = YES;
				CLANG_WARN_SUSPICIOUS_MOVE = YES;
				CLANG_WARN_UNGUARDED_AVAILABILITY = YES_AGGRESSIVE;
				CLANG_WARN_UNREACHABLE_CODE = YES;
				CLANG_WARN__DUPLICATE_METHOD_MATCH = YES;
				COPY_PHASE_STRIP = NO;
				DEBUG_INFORMATION_FORMAT = dwarf;
				ENABLE_STRICT_OBJC_MSGSEND = YES;
				ENABLE_TESTABILITY = YES;
				GCC_C_LANGUAGE_STANDARD = gnu11;
				GCC_DYNAMIC_NO_PIC = NO;
				GCC_NO_COMMON_BLOCKS = YES;
				GCC_OPTIMIZATION_LEVEL = 0;
				GCC_PREPROCESSOR_DEFINITIONS = (
					"DEBUG=1",
					"$(inherited)",
				);
				GCC_WARN_64_TO_32_BIT_CONVERSION = YES;
				GCC_WARN_ABOUT_RETURN_TYPE = YES_ERROR;
				GCC_WARN_UNDECLARED_SELECTOR = YES;
				GCC_WARN_UNINITIALIZED_AUTOS = YES_AGGRESSIVE;
				GCC_WARN_UNUSED_FUNCTION = YES;
				GCC_WARN_UNUSED_VARIABLE = YES;
				MACOSX_DEPLOYMENT_TARGET = 10.15;
				MTL_ENABLE_DEBUG_INFO = INCLUDE_SOURCE;
				MTL_FAST_MATH = YES;
				ONLY_ACTIVE_ARCH = YES;
				SDKROOT = macosx;
			};
			name = Debug;
		};
		0DF7149A2365134E00BD573D /* Release */ = {
			isa = XCBuildConfiguration;
			buildSettings = {
				ALWAYS_SEARCH_USER_PATHS = NO;
				CLANG_ANALYZER_NONNULL = YES;
				CLANG_ANALYZER_NUMBER_OBJECT_CONVERSION = YES_AGGRESSIVE;
				CLANG_CXX_LANGUAGE_STANDARD = "gnu++14";
				CLANG_CXX_LIBRARY = "libc++";
				CLANG_ENABLE_MODULES = YES;
				CLANG_ENABLE_OBJC_ARC = YES;
				CLANG_ENABLE_OBJC_WEAK = YES;
				CLANG_WARN_BLOCK_CAPTURE_AUTORELEASING = YES;
				CLANG_WARN_BOOL_CONVERSION = YES;
				CLANG_WARN_COMMA = YES;
				CLANG_WARN_CONSTANT_CONVERSION = YES;
				CLANG_WARN_DEPRECATED_OBJC_IMPLEMENTATIONS = YES;
				CLANG_WARN_DIRECT_OBJC_ISA_USAGE = YES_ERROR;
				CLANG_WARN_DOCUMENTATION_COMMENTS = YES;
				CLANG_WARN_EMPTY_BODY = YES;
				CLANG_WARN_ENUM_CONVERSION = YES;
				CLANG_WARN_INFINITE_RECURSION = YES;
				CLANG_WARN_INT_CONVERSION = YES;
				CLANG_WARN_NON_LITERAL_NULL_CONVERSION = YES;
				CLANG_WARN_OBJC_IMPLICIT_RETAIN_SELF = YES;
				CLANG_WARN_OBJC_LITERAL_CONVERSION = YES;
				CLANG_WARN_OBJC_ROOT_CLASS = YES_ERROR;
				CLANG_WARN_RANGE_LOOP_ANALYSIS = YES;
				CLANG_WARN_STRICT_PROTOTYPES = YES;
				CLANG_WARN_SUSPICIOUS_MOVE = YES;
				CLANG_WARN_UNGUARDED_AVAILABILITY = YES_AGGRESSIVE;
				CLANG_WARN_UNREACHABLE_CODE = YES;
				CLANG_WARN__DUPLICATE_METHOD_MATCH = YES;
				COPY_PHASE_STRIP = NO;
				DEBUG_INFORMATION_FORMAT = "dwarf-with-dsym";
				ENABLE_NS_ASSERTIONS = NO;
				ENABLE_STRICT_OBJC_MSGSEND = YES;
				GCC_C_LANGUAGE_STANDARD = gnu11;
				GCC_NO_COMMON_BLOCKS = YES;
				GCC_WARN_64_TO_32_BIT_CONVERSION = YES;
				GCC_WARN_ABOUT_RETURN_TYPE = YES_ERROR;
				GCC_WARN_UNDECLARED_SELECTOR = YES;
				GCC_WARN_UNINITIALIZED_AUTOS = YES_AGGRESSIVE;
				GCC_WARN_UNUSED_FUNCTION = YES;
				GCC_WARN_UNUSED_VARIABLE = YES;
				MACOSX_DEPLOYMENT_TARGET = 10.15;
				MTL_ENABLE_DEBUG_INFO = NO;
				MTL_FAST_MATH = YES;
				SDKROOT = macosx;
			};
			name = Release;
		};
		0DF7149C2365134E00BD573D /* Debug */ = {
			isa = XCBuildConfiguration;
			buildSettings = {
				ASSETCATALOG_COMPILER_APPICON_NAME = AppIcon;
				CODE_SIGN_ENTITLEMENTS = Mac/Mac.entitlements;
				CODE_SIGN_IDENTITY = "-";
				CODE_SIGN_STYLE = Automatic;
				COMBINE_HIDPI_IMAGES = YES;
				INFOPLIST_FILE = Mac/Info.plist;
				LD_RUNPATH_SEARCH_PATHS = (
					"$(inherited)",
					"@executable_path/../Frameworks",
				);
				PRODUCT_BUNDLE_IDENTIFIER = com.demo.froggy.mac.example.Mac;
				PRODUCT_NAME = "$(TARGET_NAME)";
			};
			name = Debug;
		};
		0DF7149D2365134E00BD573D /* Release */ = {
			isa = XCBuildConfiguration;
			buildSettings = {
				ASSETCATALOG_COMPILER_APPICON_NAME = AppIcon;
				CODE_SIGN_ENTITLEMENTS = Mac/Mac.entitlements;
				CODE_SIGN_IDENTITY = "-";
				CODE_SIGN_STYLE = Automatic;
				COMBINE_HIDPI_IMAGES = YES;
				INFOPLIST_FILE = Mac/Info.plist;
				LD_RUNPATH_SEARCH_PATHS = (
					"$(inherited)",
					"@executable_path/../Frameworks",
				);
				PRODUCT_BUNDLE_IDENTIFIER = com.demo.froggy.mac.example.Mac;
				PRODUCT_NAME = "$(TARGET_NAME)";
			};
			name = Release;
		};
/* End XCBuildConfiguration section */

/* Begin XCConfigurationList section */
		0DF714822365134D00BD573D /* Build configuration list for PBXProject "Mac" */ = {
			isa = XCConfigurationList;
			buildConfigurations = (
				0DF714992365134E00BD573D /* Debug */,
				0DF7149A2365134E00BD573D /* Release */,
			);
			defaultConfigurationIsVisible = 0;
			defaultConfigurationName = Release;
		};
		0DF7149B2365134E00BD573D /* Build configuration list for PBXNativeTarget "Mac" */ = {
			isa = XCConfigurationList;
			buildConfigurations = (
				0DF7149C2365134E00BD573D /* Debug */,
				0DF7149D2365134E00BD573D /* Release */,
			);
			defaultConfigurationIsVisible = 0;
			defaultConfigurationName = Release;
		};
/* End XCConfigurationList section */
	};
	rootObject = 0DF7147F2365134D00BD573D /* Project object */;
}
